// !$*UTF8*$!
{
	archiveVersion = 1;
	classes = {
	};
	objectVersion = 46;
	objects = {

/* Begin PBXAggregateTarget section */
		D2840B6C4301251E693A815C /* week_2_plugin - All */ = {
			isa = PBXAggregateTarget;
			buildConfigurationList = C56BE1D6E6EC37C34CF3DC5A /* Build configuration list for PBXAggregateTarget "week_2_plugin - All" */;
			buildPhases = (
			);
			dependencies = (
				1A7F794F4418628B353CEC83 /* PBXTargetDependency */,
				BB6A5E735007354713CBC91B /* PBXTargetDependency */,
				62201E3266D703280E773EAE /* PBXTargetDependency */,
				ED3429B90001DCA86E702428 /* PBXTargetDependency */,
			);
			name = "week_2_plugin - All";
			productName = week_2_plugin;
		};
/* End PBXAggregateTarget section */

/* Begin PBXBuildFile section */
		0233D64A5C7F5F089D4942FB /* CoreMIDI.framework in Frameworks */ = {isa = PBXBuildFile; fileRef = D7E74B69F1D6BD1F674D4502 /* CoreMIDI.framework */; };
		05A09096472B54CB5C750405 /* include_juce_graphics.mm in Sources */ = {isa = PBXBuildFile; fileRef = B9B9B0B0E384045844EA3915 /* include_juce_graphics.mm */; };
		07E4377B5A90ED0DDC6CE374 /* include_juce_gui_basics.mm in Sources */ = {isa = PBXBuildFile; fileRef = 84D19CEFD946E77185C28A95 /* include_juce_gui_basics.mm */; };
		118FFD836F080B390DB5BEEF /* include_juce_audio_utils.mm in Sources */ = {isa = PBXBuildFile; fileRef = 1EBE53BE4D44C28DA1EF5AC2 /* include_juce_audio_utils.mm */; };
		13174702CE75B076CFCFA305 /* Foundation.framework in Frameworks */ = {isa = PBXBuildFile; fileRef = 205542CFBC810765C0E4E122 /* Foundation.framework */; };
		2ACDF5BD1BADD491C46AD4C7 /* include_juce_audio_plugin_client_utils.cpp in Sources */ = {isa = PBXBuildFile; fileRef = FFA0AF51C2A85689649F35CC /* include_juce_audio_plugin_client_utils.cpp */; };
		2B197BDF0C3E82A30D3DB1B6 /* include_juce_audio_plugin_client_VST3.cpp in Sources */ = {isa = PBXBuildFile; fileRef = 7C91EE23A708FBB96D096513 /* include_juce_audio_plugin_client_VST3.cpp */; };
		33B06CA25DE49EFF57469D57 /* Carbon.framework in Frameworks */ = {isa = PBXBuildFile; fileRef = 5D3E0934A67AD68512F36C10 /* Carbon.framework */; };
		35515C54447A2F0B502B6BD2 /* PluginProcessor.cpp in Sources */ = {isa = PBXBuildFile; fileRef = 19869AEDF31D130DE8244223 /* PluginProcessor.cpp */; };
		38C2C0C1ECEF71F557AFC0ED /* include_juce_audio_devices.mm in Sources */ = {isa = PBXBuildFile; fileRef = 437A8C6EE267B2BB2CFEBD2D /* include_juce_audio_devices.mm */; };
		489598E65C1CE5E99511484F /* include_juce_events.mm in Sources */ = {isa = PBXBuildFile; fileRef = 4EB3D84D5466C55376804D6B /* include_juce_events.mm */; };
		5057658F92DFB63ACE2AC17E /* Accelerate.framework in Frameworks */ = {isa = PBXBuildFile; fileRef = 77AE443376071D07ECADC562 /* Accelerate.framework */; };
		51413C4FC51B02BCB34F5512 /* include_juce_audio_plugin_client_Standalone.cpp in Sources */ = {isa = PBXBuildFile; fileRef = 693013D56AAC836B25E31F78 /* include_juce_audio_plugin_client_Standalone.cpp */; };
		52300AE8E590D5D6F02C29C5 /* include_juce_core.mm in Sources */ = {isa = PBXBuildFile; fileRef = CA2870A23225080A91C2C01B /* include_juce_core.mm */; };
		657DE2790F2BF8A413738C36 /* RecentFilesMenuTemplate.nib in Resources */ = {isa = PBXBuildFile; fileRef = CC031C6EA113EA5ACCF17370 /* RecentFilesMenuTemplate.nib */; };
		6BC0BC73F5A06F1AB100C1FB /* QuartzCore.framework in Frameworks */ = {isa = PBXBuildFile; fileRef = 7719242A03949913F0EB6251 /* QuartzCore.framework */; };
		6D96F92EC75AF9538D193952 /* include_juce_gui_extra.mm in Sources */ = {isa = PBXBuildFile; fileRef = 1338ECA0F7336F0EF0CBB3D7 /* include_juce_gui_extra.mm */; };
		7612B80456D858CACA9D1E49 /* AudioToolbox.framework in Frameworks */ = {isa = PBXBuildFile; fileRef = ADD579C0654ED3225ADA690D /* AudioToolbox.framework */; };
		787B9B5E6C429124E04E29DC /* CoreAudioKit.framework in Frameworks */ = {isa = PBXBuildFile; fileRef = 6F8058C8E4FA83A761367937 /* CoreAudioKit.framework */; };
		7BD26CE5565D8D533864896F /* include_juce_audio_plugin_client_AU_1.mm in Sources */ = {isa = PBXBuildFile; fileRef = 425AE1821FCBD166DA499077 /* include_juce_audio_plugin_client_AU_1.mm */; };
		7FC419FF7811003D3C18166A /* Cocoa.framework in Frameworks */ = {isa = PBXBuildFile; fileRef = E3ED69A773C5D32927333024 /* Cocoa.framework */; };
		885C30785EACE93DEC11C2C2 /* CoreAudio.framework in Frameworks */ = {isa = PBXBuildFile; fileRef = C9A41B663FA11F943ED4E585 /* CoreAudio.framework */; };
		910AD6EEACDEDA4E6663B1B2 /* include_juce_audio_plugin_client_AU.r in Rez */ = {isa = PBXBuildFile; fileRef = 9BA3802E2A9104DEC03F3164 /* include_juce_audio_plugin_client_AU.r */; };
		91553B303AAF5C259A173B77 /* include_juce_audio_plugin_client_VST_utils.mm in Sources */ = {isa = PBXBuildFile; fileRef = 7484FC3F0B6DA4B148848A92 /* include_juce_audio_plugin_client_VST_utils.mm */; };
		928FBD3FF3D350F5B8FC3E3A /* IOKit.framework in Frameworks */ = {isa = PBXBuildFile; fileRef = EEE401A26D2EEE675A463A5D /* IOKit.framework */; };
		92F9439F273BB2ABB8F5A7E3 /* PluginEditor.cpp in Sources */ = {isa = PBXBuildFile; fileRef = 0045537D1C891D3F47BA930A /* PluginEditor.cpp */; };
		95B402247EE1693E51442EDA /* AudioUnit.framework in Frameworks */ = {isa = PBXBuildFile; fileRef = 593DA03B8CBD201D13E1CF33 /* AudioUnit.framework */; };
		A7BF6F12713E3718C6A9B1DB /* include_juce_audio_processors.mm in Sources */ = {isa = PBXBuildFile; fileRef = 46A536D75C4354D0E681DEBB /* include_juce_audio_processors.mm */; };
		A863AF1D31F8155A88913C2B /* DiscRecording.framework in Frameworks */ = {isa = PBXBuildFile; fileRef = 91100EB613EA6F8A4E69098C /* DiscRecording.framework */; };
		AC4614D00365CC76C27B3054 /* include_juce_audio_formats.mm in Sources */ = {isa = PBXBuildFile; fileRef = F07258EDDE68B1835A9CCFE1 /* include_juce_audio_formats.mm */; };
		BB29CBB2D2F1B2786686DDD3 /* include_juce_audio_basics.mm in Sources */ = {isa = PBXBuildFile; fileRef = 01979F758009FEFDA6068204 /* include_juce_audio_basics.mm */; };
		DCCE13B5A5EC868255BE2CB4 /* include_juce_data_structures.mm in Sources */ = {isa = PBXBuildFile; fileRef = B96F121EAA5DC73F64705390 /* include_juce_data_structures.mm */; };
		EBA5B95DFC8AD59771D7E076 /* include_juce_audio_plugin_client_AU_2.mm in Sources */ = {isa = PBXBuildFile; fileRef = 7F32554D1556905C65154D93 /* include_juce_audio_plugin_client_AU_2.mm */; };
		F2B6774DF20A3538EC4C525A /* WebKit.framework in Frameworks */ = {isa = PBXBuildFile; fileRef = 42E704F29FDF655112740639 /* WebKit.framework */; };
		FCA1483F27AF206900482EC0 /* RecentFilesMenuTemplate.nib in Resources */ = {isa = PBXBuildFile; fileRef = CC031C6EA113EA5ACCF17370 /* RecentFilesMenuTemplate.nib */; };
		FCA1484027AF206900482EC0 /* Accelerate.framework in Frameworks */ = {isa = PBXBuildFile; fileRef = 77AE443376071D07ECADC562 /* Accelerate.framework */; };
		FCA1484127AF206900482EC0 /* AudioToolbox.framework in Frameworks */ = {isa = PBXBuildFile; fileRef = ADD579C0654ED3225ADA690D /* AudioToolbox.framework */; };
		FCA1484227AF206900482EC0 /* Carbon.framework in Frameworks */ = {isa = PBXBuildFile; fileRef = 5D3E0934A67AD68512F36C10 /* Carbon.framework */; };
		FCA1484327AF206900482EC0 /* Cocoa.framework in Frameworks */ = {isa = PBXBuildFile; fileRef = E3ED69A773C5D32927333024 /* Cocoa.framework */; };
		FCA1484427AF206900482EC0 /* CoreAudio.framework in Frameworks */ = {isa = PBXBuildFile; fileRef = C9A41B663FA11F943ED4E585 /* CoreAudio.framework */; };
		FCA1484527AF206900482EC0 /* CoreAudioKit.framework in Frameworks */ = {isa = PBXBuildFile; fileRef = 6F8058C8E4FA83A761367937 /* CoreAudioKit.framework */; };
		FCA1484627AF206900482EC0 /* CoreMIDI.framework in Frameworks */ = {isa = PBXBuildFile; fileRef = D7E74B69F1D6BD1F674D4502 /* CoreMIDI.framework */; };
		FCA1484727AF206900482EC0 /* DiscRecording.framework in Frameworks */ = {isa = PBXBuildFile; fileRef = 91100EB613EA6F8A4E69098C /* DiscRecording.framework */; };
		FCA1484827AF206900482EC0 /* Foundation.framework in Frameworks */ = {isa = PBXBuildFile; fileRef = 205542CFBC810765C0E4E122 /* Foundation.framework */; };
		FCA1484927AF206900482EC0 /* IOKit.framework in Frameworks */ = {isa = PBXBuildFile; fileRef = EEE401A26D2EEE675A463A5D /* IOKit.framework */; };
		FCA1484A27AF206900482EC0 /* QuartzCore.framework in Frameworks */ = {isa = PBXBuildFile; fileRef = 7719242A03949913F0EB6251 /* QuartzCore.framework */; };
		FCA1484B27AF206900482EC0 /* WebKit.framework in Frameworks */ = {isa = PBXBuildFile; fileRef = 42E704F29FDF655112740639 /* WebKit.framework */; };
		FCA1484C27AF206900482EC0 /* RecentFilesMenuTemplate.nib in Resources */ = {isa = PBXBuildFile; fileRef = CC031C6EA113EA5ACCF17370 /* RecentFilesMenuTemplate.nib */; };
		FCA1484D27AF206900482EC0 /* Accelerate.framework in Frameworks */ = {isa = PBXBuildFile; fileRef = 77AE443376071D07ECADC562 /* Accelerate.framework */; };
		FCA1484E27AF206900482EC0 /* AudioToolbox.framework in Frameworks */ = {isa = PBXBuildFile; fileRef = ADD579C0654ED3225ADA690D /* AudioToolbox.framework */; };
		FCA1484F27AF206900482EC0 /* Carbon.framework in Frameworks */ = {isa = PBXBuildFile; fileRef = 5D3E0934A67AD68512F36C10 /* Carbon.framework */; };
		FCA1485027AF206900482EC0 /* Cocoa.framework in Frameworks */ = {isa = PBXBuildFile; fileRef = E3ED69A773C5D32927333024 /* Cocoa.framework */; };
		FCA1485127AF206900482EC0 /* CoreAudio.framework in Frameworks */ = {isa = PBXBuildFile; fileRef = C9A41B663FA11F943ED4E585 /* CoreAudio.framework */; };
		FCA1485227AF206900482EC0 /* CoreAudioKit.framework in Frameworks */ = {isa = PBXBuildFile; fileRef = 6F8058C8E4FA83A761367937 /* CoreAudioKit.framework */; };
		FCA1485327AF206900482EC0 /* CoreMIDI.framework in Frameworks */ = {isa = PBXBuildFile; fileRef = D7E74B69F1D6BD1F674D4502 /* CoreMIDI.framework */; };
		FCA1485427AF206900482EC0 /* DiscRecording.framework in Frameworks */ = {isa = PBXBuildFile; fileRef = 91100EB613EA6F8A4E69098C /* DiscRecording.framework */; };
		FCA1485527AF206900482EC0 /* Foundation.framework in Frameworks */ = {isa = PBXBuildFile; fileRef = 205542CFBC810765C0E4E122 /* Foundation.framework */; };
		FCA1485627AF206900482EC0 /* IOKit.framework in Frameworks */ = {isa = PBXBuildFile; fileRef = EEE401A26D2EEE675A463A5D /* IOKit.framework */; };
		FCA1485727AF206900482EC0 /* QuartzCore.framework in Frameworks */ = {isa = PBXBuildFile; fileRef = 7719242A03949913F0EB6251 /* QuartzCore.framework */; };
		FCA1485827AF206900482EC0 /* WebKit.framework in Frameworks */ = {isa = PBXBuildFile; fileRef = 42E704F29FDF655112740639 /* WebKit.framework */; };
/* End PBXBuildFile section */

/* Begin PBXContainerItemProxy section */
		FCA1485927AF206B00482EC0 /* PBXContainerItemProxy */ = {
			isa = PBXContainerItemProxy;
			containerPortal = 78CC1F00FAAD33CF1982EA17 /* Project object */;
			proxyType = 1;
			remoteGlobalIDString = 6022C6DAC41EE19D80DD4010;
			remoteInfo = "week_2_plugin - Shared Code";
		};
		FCA1485A27AF206B00482EC0 /* PBXContainerItemProxy */ = {
			isa = PBXContainerItemProxy;
			containerPortal = 78CC1F00FAAD33CF1982EA17 /* Project object */;
			proxyType = 1;
			remoteGlobalIDString = 6022C6DAC41EE19D80DD4010;
			remoteInfo = "week_2_plugin - Shared Code";
		};
		FCA1485B27AF206B00482EC0 /* PBXContainerItemProxy */ = {
			isa = PBXContainerItemProxy;
			containerPortal = 78CC1F00FAAD33CF1982EA17 /* Project object */;
			proxyType = 1;
			remoteGlobalIDString = 6022C6DAC41EE19D80DD4010;
			remoteInfo = "week_2_plugin - Shared Code";
		};
		FCA1485C27AF206B00482EC0 /* PBXContainerItemProxy */ = {
			isa = PBXContainerItemProxy;
			containerPortal = 78CC1F00FAAD33CF1982EA17 /* Project object */;
			proxyType = 1;
			remoteGlobalIDString = 6E8E7EA633E8D0C871215C18;
			remoteInfo = "week_2_plugin - VST3";
		};
		FCA1485D27AF206B00482EC0 /* PBXContainerItemProxy */ = {
			isa = PBXContainerItemProxy;
			containerPortal = 78CC1F00FAAD33CF1982EA17 /* Project object */;
			proxyType = 1;
			remoteGlobalIDString = B8FD613E07C723BE3470844E;
			remoteInfo = "week_2_plugin - AU";
		};
		FCA1485E27AF206B00482EC0 /* PBXContainerItemProxy */ = {
			isa = PBXContainerItemProxy;
			containerPortal = 78CC1F00FAAD33CF1982EA17 /* Project object */;
			proxyType = 1;
			remoteGlobalIDString = EDDB13759118BF17AA22A606;
			remoteInfo = "week_2_plugin - Standalone Plugin";
		};
		FCA1485F27AF206B00482EC0 /* PBXContainerItemProxy */ = {
			isa = PBXContainerItemProxy;
			containerPortal = 78CC1F00FAAD33CF1982EA17 /* Project object */;
			proxyType = 1;
			remoteGlobalIDString = 6022C6DAC41EE19D80DD4010;
			remoteInfo = "week_2_plugin - Shared Code";
		};
/* End PBXContainerItemProxy section */

/* Begin PBXFileReference section */
		0045537D1C891D3F47BA930A /* PluginEditor.cpp */ = {isa = PBXFileReference; lastKnownFileType = sourcecode.cpp.cpp; name = PluginEditor.cpp; path = ../../Source/PluginEditor.cpp; sourceTree = SOURCE_ROOT; };
		01979F758009FEFDA6068204 /* include_juce_audio_basics.mm */ = {isa = PBXFileReference; lastKnownFileType = sourcecode.cpp.objcpp; name = include_juce_audio_basics.mm; path = ../../JuceLibraryCode/include_juce_audio_basics.mm; sourceTree = SOURCE_ROOT; };
		052B59D79153A264177BA448 /* PluginEditor.h */ = {isa = PBXFileReference; lastKnownFileType = sourcecode.c.h; name = PluginEditor.h; path = ../../Source/PluginEditor.h; sourceTree = SOURCE_ROOT; };
		1338ECA0F7336F0EF0CBB3D7 /* include_juce_gui_extra.mm */ = {isa = PBXFileReference; lastKnownFileType = sourcecode.cpp.objcpp; name = include_juce_gui_extra.mm; path = ../../JuceLibraryCode/include_juce_gui_extra.mm; sourceTree = SOURCE_ROOT; };
		19869AEDF31D130DE8244223 /* PluginProcessor.cpp */ = {isa = PBXFileReference; lastKnownFileType = sourcecode.cpp.cpp; name = PluginProcessor.cpp; path = ../../Source/PluginProcessor.cpp; sourceTree = SOURCE_ROOT; };
		1BF0A8A644F93DC0DAB7B0AE /* juce_gui_basics */ = {isa = PBXFileReference; lastKnownFileType = folder; name = juce_gui_basics; path = ../../../../SDKs/JUCE/modules/juce_gui_basics; sourceTree = SOURCE_ROOT; };
		1EBE53BE4D44C28DA1EF5AC2 /* include_juce_audio_utils.mm */ = {isa = PBXFileReference; lastKnownFileType = sourcecode.cpp.objcpp; name = include_juce_audio_utils.mm; path = ../../JuceLibraryCode/include_juce_audio_utils.mm; sourceTree = SOURCE_ROOT; };
		1FCAE78CE486001B7A8EFF0F /* PluginProcessor.h */ = {isa = PBXFileReference; lastKnownFileType = sourcecode.c.h; name = PluginProcessor.h; path = ../../Source/PluginProcessor.h; sourceTree = SOURCE_ROOT; };
		205542CFBC810765C0E4E122 /* Foundation.framework */ = {isa = PBXFileReference; lastKnownFileType = wrapper.framework; name = Foundation.framework; path = System/Library/Frameworks/Foundation.framework; sourceTree = SDKROOT; };
		217ADD79606691C853DD603D /* juce_graphics */ = {isa = PBXFileReference; lastKnownFileType = folder; name = juce_graphics; path = ../../../../SDKs/JUCE/modules/juce_graphics; sourceTree = SOURCE_ROOT; };
		348EEF37FC34510A6CFD8A42 /* juce_audio_processors */ = {isa = PBXFileReference; lastKnownFileType = folder; name = juce_audio_processors; path = ../../../../SDKs/JUCE/modules/juce_audio_processors; sourceTree = SOURCE_ROOT; };
		425AE1821FCBD166DA499077 /* include_juce_audio_plugin_client_AU_1.mm */ = {isa = PBXFileReference; lastKnownFileType = sourcecode.cpp.objcpp; name = include_juce_audio_plugin_client_AU_1.mm; path = ../../JuceLibraryCode/include_juce_audio_plugin_client_AU_1.mm; sourceTree = SOURCE_ROOT; };
		42E704F29FDF655112740639 /* WebKit.framework */ = {isa = PBXFileReference; lastKnownFileType = wrapper.framework; name = WebKit.framework; path = System/Library/Frameworks/WebKit.framework; sourceTree = SDKROOT; };
		437A8C6EE267B2BB2CFEBD2D /* include_juce_audio_devices.mm */ = {isa = PBXFileReference; lastKnownFileType = sourcecode.cpp.objcpp; name = include_juce_audio_devices.mm; path = ../../JuceLibraryCode/include_juce_audio_devices.mm; sourceTree = SOURCE_ROOT; };
		443CD4A32FA0C5F48850FBFB /* juce_audio_formats */ = {isa = PBXFileReference; lastKnownFileType = folder; name = juce_audio_formats; path = ../../../../SDKs/JUCE/modules/juce_audio_formats; sourceTree = SOURCE_ROOT; };
		46A536D75C4354D0E681DEBB /* include_juce_audio_processors.mm */ = {isa = PBXFileReference; lastKnownFileType = sourcecode.cpp.objcpp; name = include_juce_audio_processors.mm; path = ../../JuceLibraryCode/include_juce_audio_processors.mm; sourceTree = SOURCE_ROOT; };
		4EB3D84D5466C55376804D6B /* include_juce_events.mm */ = {isa = PBXFileReference; lastKnownFileType = sourcecode.cpp.objcpp; name = include_juce_events.mm; path = ../../JuceLibraryCode/include_juce_events.mm; sourceTree = SOURCE_ROOT; };
		4F6F7F9D01AE16CEE37B6858 /* libweek_2_plugin.a */ = {isa = PBXFileReference; explicitFileType = archive.ar; includeInIndex = 0; path = libweek_2_plugin.a; sourceTree = BUILT_PRODUCTS_DIR; };
		53F49EC3E566F60C0BE1351E /* juce_audio_plugin_client */ = {isa = PBXFileReference; lastKnownFileType = folder; name = juce_audio_plugin_client; path = ../../../../SDKs/JUCE/modules/juce_audio_plugin_client; sourceTree = SOURCE_ROOT; };
		56B1B591782B8970732D1AEC /* Info-VST3.plist */ = {isa = PBXFileReference; lastKnownFileType = text.plist.xml; path = "Info-VST3.plist"; sourceTree = SOURCE_ROOT; };
		593DA03B8CBD201D13E1CF33 /* AudioUnit.framework */ = {isa = PBXFileReference; lastKnownFileType = wrapper.framework; name = AudioUnit.framework; path = System/Library/Frameworks/AudioUnit.framework; sourceTree = SDKROOT; };
		5D3E0934A67AD68512F36C10 /* Carbon.framework */ = {isa = PBXFileReference; lastKnownFileType = wrapper.framework; name = Carbon.framework; path = System/Library/Frameworks/Carbon.framework; sourceTree = SDKROOT; };
		5E612D426B6B76841C18E1D2 /* juce_core */ = {isa = PBXFileReference; lastKnownFileType = folder; name = juce_core; path = ../../../../SDKs/JUCE/modules/juce_core; sourceTree = SOURCE_ROOT; };
		63004328ED732EE52EF0770F /* juce_gui_extra */ = {isa = PBXFileReference; lastKnownFileType = folder; name = juce_gui_extra; path = ../../../../SDKs/JUCE/modules/juce_gui_extra; sourceTree = SOURCE_ROOT; };
		693013D56AAC836B25E31F78 /* include_juce_audio_plugin_client_Standalone.cpp */ = {isa = PBXFileReference; lastKnownFileType = sourcecode.cpp.cpp; name = include_juce_audio_plugin_client_Standalone.cpp; path = ../../JuceLibraryCode/include_juce_audio_plugin_client_Standalone.cpp; sourceTree = SOURCE_ROOT; };
		6F8058C8E4FA83A761367937 /* CoreAudioKit.framework */ = {isa = PBXFileReference; lastKnownFileType = wrapper.framework; name = CoreAudioKit.framework; path = System/Library/Frameworks/CoreAudioKit.framework; sourceTree = SDKROOT; };
		7484FC3F0B6DA4B148848A92 /* include_juce_audio_plugin_client_VST_utils.mm */ = {isa = PBXFileReference; lastKnownFileType = sourcecode.cpp.objcpp; name = include_juce_audio_plugin_client_VST_utils.mm; path = ../../JuceLibraryCode/include_juce_audio_plugin_client_VST_utils.mm; sourceTree = SOURCE_ROOT; };
		7719242A03949913F0EB6251 /* QuartzCore.framework */ = {isa = PBXFileReference; lastKnownFileType = wrapper.framework; name = QuartzCore.framework; path = System/Library/Frameworks/QuartzCore.framework; sourceTree = SDKROOT; };
		77AE443376071D07ECADC562 /* Accelerate.framework */ = {isa = PBXFileReference; lastKnownFileType = wrapper.framework; name = Accelerate.framework; path = System/Library/Frameworks/Accelerate.framework; sourceTree = SDKROOT; };
		7B45E967309AE75A332B334F /* juce_data_structures */ = {isa = PBXFileReference; lastKnownFileType = folder; name = juce_data_structures; path = ../../../../SDKs/JUCE/modules/juce_data_structures; sourceTree = SOURCE_ROOT; };
		7C91EE23A708FBB96D096513 /* include_juce_audio_plugin_client_VST3.cpp */ = {isa = PBXFileReference; lastKnownFileType = sourcecode.cpp.cpp; name = include_juce_audio_plugin_client_VST3.cpp; path = ../../JuceLibraryCode/include_juce_audio_plugin_client_VST3.cpp; sourceTree = SOURCE_ROOT; };
		7F32554D1556905C65154D93 /* include_juce_audio_plugin_client_AU_2.mm */ = {isa = PBXFileReference; lastKnownFileType = sourcecode.cpp.objcpp; name = include_juce_audio_plugin_client_AU_2.mm; path = ../../JuceLibraryCode/include_juce_audio_plugin_client_AU_2.mm; sourceTree = SOURCE_ROOT; };
		84D19CEFD946E77185C28A95 /* include_juce_gui_basics.mm */ = {isa = PBXFileReference; lastKnownFileType = sourcecode.cpp.objcpp; name = include_juce_gui_basics.mm; path = ../../JuceLibraryCode/include_juce_gui_basics.mm; sourceTree = SOURCE_ROOT; };
		86873435E75F15838A8E132B /* juce_audio_basics */ = {isa = PBXFileReference; lastKnownFileType = folder; name = juce_audio_basics; path = ../../../../SDKs/JUCE/modules/juce_audio_basics; sourceTree = SOURCE_ROOT; };
		8D986570BFE8CB72CAC8E41B /* week_2_plugin.vst3 */ = {isa = PBXFileReference; explicitFileType = wrapper.cfbundle; includeInIndex = 0; path = week_2_plugin.vst3; sourceTree = BUILT_PRODUCTS_DIR; };
		91100EB613EA6F8A4E69098C /* DiscRecording.framework */ = {isa = PBXFileReference; lastKnownFileType = wrapper.framework; name = DiscRecording.framework; path = System/Library/Frameworks/DiscRecording.framework; sourceTree = SDKROOT; };
		9BA3802E2A9104DEC03F3164 /* include_juce_audio_plugin_client_AU.r */ = {isa = PBXFileReference; lastKnownFileType = file.r; name = include_juce_audio_plugin_client_AU.r; path = ../../JuceLibraryCode/include_juce_audio_plugin_client_AU.r; sourceTree = SOURCE_ROOT; };
		A7B75E9082CF0905E6874874 /* week_2_plugin.component */ = {isa = PBXFileReference; explicitFileType = wrapper.cfbundle; includeInIndex = 0; path = week_2_plugin.component; sourceTree = BUILT_PRODUCTS_DIR; };
		AD7E13D6C015C108B4441283 /* juce_events */ = {isa = PBXFileReference; lastKnownFileType = folder; name = juce_events; path = ../../../../SDKs/JUCE/modules/juce_events; sourceTree = SOURCE_ROOT; };
		ADD579C0654ED3225ADA690D /* AudioToolbox.framework */ = {isa = PBXFileReference; lastKnownFileType = wrapper.framework; name = AudioToolbox.framework; path = System/Library/Frameworks/AudioToolbox.framework; sourceTree = SDKROOT; };
		B96A4E7503CF587899344C4C /* JucePluginDefines.h */ = {isa = PBXFileReference; lastKnownFileType = sourcecode.c.h; name = JucePluginDefines.h; path = ../../JuceLibraryCode/JucePluginDefines.h; sourceTree = SOURCE_ROOT; };
		B96F121EAA5DC73F64705390 /* include_juce_data_structures.mm */ = {isa = PBXFileReference; lastKnownFileType = sourcecode.cpp.objcpp; name = include_juce_data_structures.mm; path = ../../JuceLibraryCode/include_juce_data_structures.mm; sourceTree = SOURCE_ROOT; };
		B9B9B0B0E384045844EA3915 /* include_juce_graphics.mm */ = {isa = PBXFileReference; lastKnownFileType = sourcecode.cpp.objcpp; name = include_juce_graphics.mm; path = ../../JuceLibraryCode/include_juce_graphics.mm; sourceTree = SOURCE_ROOT; };
		BF49055BE335ADD53DFC07B4 /* Info-Standalone_Plugin.plist */ = {isa = PBXFileReference; lastKnownFileType = text.plist.xml; path = "Info-Standalone_Plugin.plist"; sourceTree = SOURCE_ROOT; };
		C1239177BEF82A67EF33F92E /* juce_audio_devices */ = {isa = PBXFileReference; lastKnownFileType = folder; name = juce_audio_devices; path = ../../../../SDKs/JUCE/modules/juce_audio_devices; sourceTree = SOURCE_ROOT; };
		C9A41B663FA11F943ED4E585 /* CoreAudio.framework */ = {isa = PBXFileReference; lastKnownFileType = wrapper.framework; name = CoreAudio.framework; path = System/Library/Frameworks/CoreAudio.framework; sourceTree = SDKROOT; };
		CA2870A23225080A91C2C01B /* include_juce_core.mm */ = {isa = PBXFileReference; lastKnownFileType = sourcecode.cpp.objcpp; name = include_juce_core.mm; path = ../../JuceLibraryCode/include_juce_core.mm; sourceTree = SOURCE_ROOT; };
		CC031C6EA113EA5ACCF17370 /* RecentFilesMenuTemplate.nib */ = {isa = PBXFileReference; lastKnownFileType = file.nib; path = RecentFilesMenuTemplate.nib; sourceTree = SOURCE_ROOT; };
		CEDAEDC49DD0D192B0EAD2CA /* week_2_plugin.app */ = {isa = PBXFileReference; explicitFileType = wrapper.application; includeInIndex = 0; path = week_2_plugin.app; sourceTree = BUILT_PRODUCTS_DIR; };
		D7E74B69F1D6BD1F674D4502 /* CoreMIDI.framework */ = {isa = PBXFileReference; lastKnownFileType = wrapper.framework; name = CoreMIDI.framework; path = System/Library/Frameworks/CoreMIDI.framework; sourceTree = SDKROOT; };
		DBEAFEB1EE7F5C4C1AC8A500 /* JuceHeader.h */ = {isa = PBXFileReference; lastKnownFileType = sourcecode.c.h; name = JuceHeader.h; path = ../../JuceLibraryCode/JuceHeader.h; sourceTree = SOURCE_ROOT; };
		E3ED69A773C5D32927333024 /* Cocoa.framework */ = {isa = PBXFileReference; lastKnownFileType = wrapper.framework; name = Cocoa.framework; path = System/Library/Frameworks/Cocoa.framework; sourceTree = SDKROOT; };
		EEE401A26D2EEE675A463A5D /* IOKit.framework */ = {isa = PBXFileReference; lastKnownFileType = wrapper.framework; name = IOKit.framework; path = System/Library/Frameworks/IOKit.framework; sourceTree = SDKROOT; };
		F07258EDDE68B1835A9CCFE1 /* include_juce_audio_formats.mm */ = {isa = PBXFileReference; lastKnownFileType = sourcecode.cpp.objcpp; name = include_juce_audio_formats.mm; path = ../../JuceLibraryCode/include_juce_audio_formats.mm; sourceTree = SOURCE_ROOT; };
		F848ACF2E141FB2864288CC2 /* Info-AU.plist */ = {isa = PBXFileReference; lastKnownFileType = text.plist.xml; path = "Info-AU.plist"; sourceTree = SOURCE_ROOT; };
		FA0BEB39EB026009B4745123 /* juce_audio_utils */ = {isa = PBXFileReference; lastKnownFileType = folder; name = juce_audio_utils; path = ../../../../SDKs/JUCE/modules/juce_audio_utils; sourceTree = SOURCE_ROOT; };
		FFA0AF51C2A85689649F35CC /* include_juce_audio_plugin_client_utils.cpp */ = {isa = PBXFileReference; lastKnownFileType = sourcecode.cpp.cpp; name = include_juce_audio_plugin_client_utils.cpp; path = ../../JuceLibraryCode/include_juce_audio_plugin_client_utils.cpp; sourceTree = SOURCE_ROOT; };
/* End PBXFileReference section */

/* Begin PBXFrameworksBuildPhase section */
		0DA6AEC586DE2B77C295D8A6 /* Frameworks */ = {
			isa = PBXFrameworksBuildPhase;
			buildActionMask = 2147483647;
			files = (
				5057658F92DFB63ACE2AC17E /* Accelerate.framework in Frameworks */,
				7612B80456D858CACA9D1E49 /* AudioToolbox.framework in Frameworks */,
				33B06CA25DE49EFF57469D57 /* Carbon.framework in Frameworks */,
				7FC419FF7811003D3C18166A /* Cocoa.framework in Frameworks */,
				885C30785EACE93DEC11C2C2 /* CoreAudio.framework in Frameworks */,
				787B9B5E6C429124E04E29DC /* CoreAudioKit.framework in Frameworks */,
				0233D64A5C7F5F089D4942FB /* CoreMIDI.framework in Frameworks */,
				A863AF1D31F8155A88913C2B /* DiscRecording.framework in Frameworks */,
				13174702CE75B076CFCFA305 /* Foundation.framework in Frameworks */,
				928FBD3FF3D350F5B8FC3E3A /* IOKit.framework in Frameworks */,
				6BC0BC73F5A06F1AB100C1FB /* QuartzCore.framework in Frameworks */,
				F2B6774DF20A3538EC4C525A /* WebKit.framework in Frameworks */,
			);
			runOnlyForDeploymentPostprocessing = 0;
		};
		7F6ACDA3AFE16DE890A093A1 /* Frameworks */ = {
			isa = PBXFrameworksBuildPhase;
			buildActionMask = 2147483647;
			files = (
				95B402247EE1693E51442EDA /* AudioUnit.framework in Frameworks */,
				FCA1484027AF206900482EC0 /* Accelerate.framework in Frameworks */,
				FCA1484127AF206900482EC0 /* AudioToolbox.framework in Frameworks */,
				FCA1484227AF206900482EC0 /* Carbon.framework in Frameworks */,
				FCA1484327AF206900482EC0 /* Cocoa.framework in Frameworks */,
				FCA1484427AF206900482EC0 /* CoreAudio.framework in Frameworks */,
				FCA1484527AF206900482EC0 /* CoreAudioKit.framework in Frameworks */,
				FCA1484627AF206900482EC0 /* CoreMIDI.framework in Frameworks */,
				FCA1484727AF206900482EC0 /* DiscRecording.framework in Frameworks */,
				FCA1484827AF206900482EC0 /* Foundation.framework in Frameworks */,
				FCA1484927AF206900482EC0 /* IOKit.framework in Frameworks */,
				FCA1484A27AF206900482EC0 /* QuartzCore.framework in Frameworks */,
				FCA1484B27AF206900482EC0 /* WebKit.framework in Frameworks */,
			);
			runOnlyForDeploymentPostprocessing = 0;
		};
		9C00C5B916496D99F55B1AB0 /* Frameworks */ = {
			isa = PBXFrameworksBuildPhase;
			buildActionMask = 2147483647;
			files = (
				FCA1484D27AF206900482EC0 /* Accelerate.framework in Frameworks */,
				FCA1484E27AF206900482EC0 /* AudioToolbox.framework in Frameworks */,
				FCA1484F27AF206900482EC0 /* Carbon.framework in Frameworks */,
				FCA1485027AF206900482EC0 /* Cocoa.framework in Frameworks */,
				FCA1485127AF206900482EC0 /* CoreAudio.framework in Frameworks */,
				FCA1485227AF206900482EC0 /* CoreAudioKit.framework in Frameworks */,
				FCA1485327AF206900482EC0 /* CoreMIDI.framework in Frameworks */,
				FCA1485427AF206900482EC0 /* DiscRecording.framework in Frameworks */,
				FCA1485527AF206900482EC0 /* Foundation.framework in Frameworks */,
				FCA1485627AF206900482EC0 /* IOKit.framework in Frameworks */,
				FCA1485727AF206900482EC0 /* QuartzCore.framework in Frameworks */,
				FCA1485827AF206900482EC0 /* WebKit.framework in Frameworks */,
			);
			runOnlyForDeploymentPostprocessing = 0;
		};
/* End PBXFrameworksBuildPhase section */

/* Begin PBXGroup section */
		1367C420F28AB1E2A47181B0 /* JUCE Modules */ = {
			isa = PBXGroup;
			children = (
				86873435E75F15838A8E132B /* juce_audio_basics */,
				C1239177BEF82A67EF33F92E /* juce_audio_devices */,
				443CD4A32FA0C5F48850FBFB /* juce_audio_formats */,
				53F49EC3E566F60C0BE1351E /* juce_audio_plugin_client */,
				348EEF37FC34510A6CFD8A42 /* juce_audio_processors */,
				FA0BEB39EB026009B4745123 /* juce_audio_utils */,
				5E612D426B6B76841C18E1D2 /* juce_core */,
				7B45E967309AE75A332B334F /* juce_data_structures */,
				AD7E13D6C015C108B4441283 /* juce_events */,
				217ADD79606691C853DD603D /* juce_graphics */,
				1BF0A8A644F93DC0DAB7B0AE /* juce_gui_basics */,
				63004328ED732EE52EF0770F /* juce_gui_extra */,
			);
			name = "JUCE Modules";
			sourceTree = "<group>";
		};
		3DB65E7F6BAFA0BBB4CC78F9 /* Source */ = {
			isa = PBXGroup;
			children = (
				19869AEDF31D130DE8244223 /* PluginProcessor.cpp */,
				1FCAE78CE486001B7A8EFF0F /* PluginProcessor.h */,
				0045537D1C891D3F47BA930A /* PluginEditor.cpp */,
				052B59D79153A264177BA448 /* PluginEditor.h */,
			);
			name = Source;
			sourceTree = "<group>";
		};
		6DDCDE5561C31CA4BA79D31D /* JUCE Library Code */ = {
			isa = PBXGroup;
			children = (
				01979F758009FEFDA6068204 /* include_juce_audio_basics.mm */,
				437A8C6EE267B2BB2CFEBD2D /* include_juce_audio_devices.mm */,
				F07258EDDE68B1835A9CCFE1 /* include_juce_audio_formats.mm */,
				9BA3802E2A9104DEC03F3164 /* include_juce_audio_plugin_client_AU.r */,
				425AE1821FCBD166DA499077 /* include_juce_audio_plugin_client_AU_1.mm */,
				7F32554D1556905C65154D93 /* include_juce_audio_plugin_client_AU_2.mm */,
				693013D56AAC836B25E31F78 /* include_juce_audio_plugin_client_Standalone.cpp */,
				FFA0AF51C2A85689649F35CC /* include_juce_audio_plugin_client_utils.cpp */,
				7484FC3F0B6DA4B148848A92 /* include_juce_audio_plugin_client_VST_utils.mm */,
				7C91EE23A708FBB96D096513 /* include_juce_audio_plugin_client_VST3.cpp */,
				46A536D75C4354D0E681DEBB /* include_juce_audio_processors.mm */,
				1EBE53BE4D44C28DA1EF5AC2 /* include_juce_audio_utils.mm */,
				CA2870A23225080A91C2C01B /* include_juce_core.mm */,
				B96F121EAA5DC73F64705390 /* include_juce_data_structures.mm */,
				4EB3D84D5466C55376804D6B /* include_juce_events.mm */,
				B9B9B0B0E384045844EA3915 /* include_juce_graphics.mm */,
				84D19CEFD946E77185C28A95 /* include_juce_gui_basics.mm */,
				1338ECA0F7336F0EF0CBB3D7 /* include_juce_gui_extra.mm */,
				DBEAFEB1EE7F5C4C1AC8A500 /* JuceHeader.h */,
				B96A4E7503CF587899344C4C /* JucePluginDefines.h */,
			);
			name = "JUCE Library Code";
			sourceTree = "<group>";
		};
		7A3215F9444C7415C4819475 /* Products */ = {
			isa = PBXGroup;
			children = (
				8D986570BFE8CB72CAC8E41B /* week_2_plugin.vst3 */,
				A7B75E9082CF0905E6874874 /* week_2_plugin.component */,
				CEDAEDC49DD0D192B0EAD2CA /* week_2_plugin.app */,
				4F6F7F9D01AE16CEE37B6858 /* libweek_2_plugin.a */,
			);
			name = Products;
			sourceTree = "<group>";
		};
		98A76E7A28F3E0B35BF62301 /* Frameworks */ = {
			isa = PBXGroup;
			children = (
				593DA03B8CBD201D13E1CF33 /* AudioUnit.framework */,
				77AE443376071D07ECADC562 /* Accelerate.framework */,
				ADD579C0654ED3225ADA690D /* AudioToolbox.framework */,
				5D3E0934A67AD68512F36C10 /* Carbon.framework */,
				E3ED69A773C5D32927333024 /* Cocoa.framework */,
				C9A41B663FA11F943ED4E585 /* CoreAudio.framework */,
				6F8058C8E4FA83A761367937 /* CoreAudioKit.framework */,
				D7E74B69F1D6BD1F674D4502 /* CoreMIDI.framework */,
				91100EB613EA6F8A4E69098C /* DiscRecording.framework */,
				205542CFBC810765C0E4E122 /* Foundation.framework */,
				EEE401A26D2EEE675A463A5D /* IOKit.framework */,
				7719242A03949913F0EB6251 /* QuartzCore.framework */,
				42E704F29FDF655112740639 /* WebKit.framework */,
			);
			name = Frameworks;
			sourceTree = "<group>";
		};
		AF11672CDF99E2D05C8DBE35 /* Source */ = {
			isa = PBXGroup;
			children = (
				D610165FE4C777DB68FD5CC2 /* week_2_plugin */,
				1367C420F28AB1E2A47181B0 /* JUCE Modules */,
				6DDCDE5561C31CA4BA79D31D /* JUCE Library Code */,
				BA1AF6C90D8A375D8514E78E /* Resources */,
				98A76E7A28F3E0B35BF62301 /* Frameworks */,
				7A3215F9444C7415C4819475 /* Products */,
			);
			name = Source;
			sourceTree = "<group>";
		};
		BA1AF6C90D8A375D8514E78E /* Resources */ = {
			isa = PBXGroup;
			children = (
				56B1B591782B8970732D1AEC /* Info-VST3.plist */,
				F848ACF2E141FB2864288CC2 /* Info-AU.plist */,
				BF49055BE335ADD53DFC07B4 /* Info-Standalone_Plugin.plist */,
				CC031C6EA113EA5ACCF17370 /* RecentFilesMenuTemplate.nib */,
			);
			name = Resources;
			sourceTree = "<group>";
		};
		D610165FE4C777DB68FD5CC2 /* week_2_plugin */ = {
			isa = PBXGroup;
			children = (
				3DB65E7F6BAFA0BBB4CC78F9 /* Source */,
			);
			name = week_2_plugin;
			sourceTree = "<group>";
		};
/* End PBXGroup section */

/* Begin PBXNativeTarget section */
		6022C6DAC41EE19D80DD4010 /* week_2_plugin - Shared Code */ = {
			isa = PBXNativeTarget;
			buildConfigurationList = A23552EBA0CB34A1773AB17A /* Build configuration list for PBXNativeTarget "week_2_plugin - Shared Code" */;
			buildPhases = (
				FFDCF90F9F7AB53F4DF775CF /* Sources */,
			);
			buildRules = (
			);
			dependencies = (
			);
			name = "week_2_plugin - Shared Code";
			productName = week_2_plugin;
			productReference = 4F6F7F9D01AE16CEE37B6858 /* libweek_2_plugin.a */;
			productType = "com.apple.product-type.library.static";
		};
		6E8E7EA633E8D0C871215C18 /* week_2_plugin - VST3 */ = {
			isa = PBXNativeTarget;
			buildConfigurationList = 1F3B80567E3E84041EC26E8F /* Build configuration list for PBXNativeTarget "week_2_plugin - VST3" */;
			buildPhases = (
				89289DE7FF3BEDF0D7BAB469 /* Resources */,
				F701E94B18A0A8F8EF527E13 /* Sources */,
				0DA6AEC586DE2B77C295D8A6 /* Frameworks */,
			);
			buildRules = (
			);
			dependencies = (
				31F04EAAA278FCEB7BA82151 /* PBXTargetDependency */,
			);
			name = "week_2_plugin - VST3";
			productName = week_2_plugin;
			productReference = 8D986570BFE8CB72CAC8E41B /* week_2_plugin.vst3 */;
			productType = "com.apple.product-type.bundle";
		};
		B8FD613E07C723BE3470844E /* week_2_plugin - AU */ = {
			isa = PBXNativeTarget;
			buildConfigurationList = 4979FD3FA12FE32337E6602C /* Build configuration list for PBXNativeTarget "week_2_plugin - AU" */;
			buildPhases = (
				D6C793A9A5A5BB27B0E8F78D /* Resources */,
				AC7320E152B40DBF0F3DE8D9 /* Rez */,
				DAB4273C83AFC2A705F719E2 /* Sources */,
				7F6ACDA3AFE16DE890A093A1 /* Frameworks */,
			);
			buildRules = (
			);
			dependencies = (
				DEC0D20C566E5A0D87652D22 /* PBXTargetDependency */,
			);
			name = "week_2_plugin - AU";
			productName = week_2_plugin;
			productReference = A7B75E9082CF0905E6874874 /* week_2_plugin.component */;
			productType = "com.apple.product-type.bundle";
		};
		EDDB13759118BF17AA22A606 /* week_2_plugin - Standalone Plugin */ = {
			isa = PBXNativeTarget;
			buildConfigurationList = EDE8B089ED3C9FF6C90A8AA6 /* Build configuration list for PBXNativeTarget "week_2_plugin - Standalone Plugin" */;
			buildPhases = (
				B47ADC7C490D09679CD7E83A /* Resources */,
				1B77C5B899024DC1DC33C47D /* Sources */,
				9C00C5B916496D99F55B1AB0 /* Frameworks */,
			);
			buildRules = (
			);
			dependencies = (
				8CE0D3B7594071F38B49ACD9 /* PBXTargetDependency */,
			);
			name = "week_2_plugin - Standalone Plugin";
			productName = week_2_plugin;
			productReference = CEDAEDC49DD0D192B0EAD2CA /* week_2_plugin.app */;
			productType = "com.apple.product-type.application";
		};
/* End PBXNativeTarget section */

/* Begin PBXProject section */
		78CC1F00FAAD33CF1982EA17 /* Project object */ = {
			isa = PBXProject;
			attributes = {
				LastUpgradeCheck = 1320;
				ORGANIZATIONNAME = "";
				TargetAttributes = {
					6022C6DAC41EE19D80DD4010 = {
						SystemCapabilities = {
							com.apple.ApplicationGroups.iOS = {
								enabled = 0;
							};
							com.apple.HardenedRuntime = {
								enabled = 0;
							};
							com.apple.InAppPurchase = {
								enabled = 0;
							};
							com.apple.InterAppAudio = {
								enabled = 0;
							};
							com.apple.Push = {
								enabled = 0;
							};
							com.apple.Sandbox = {
								enabled = 0;
							};
						};
					};
					6E8E7EA633E8D0C871215C18 = {
						SystemCapabilities = {
							com.apple.ApplicationGroups.iOS = {
								enabled = 0;
							};
							com.apple.HardenedRuntime = {
								enabled = 0;
							};
							com.apple.InAppPurchase = {
								enabled = 0;
							};
							com.apple.InterAppAudio = {
								enabled = 0;
							};
							com.apple.Push = {
								enabled = 0;
							};
							com.apple.Sandbox = {
								enabled = 0;
							};
						};
					};
					B8FD613E07C723BE3470844E = {
						SystemCapabilities = {
							com.apple.ApplicationGroups.iOS = {
								enabled = 0;
							};
							com.apple.HardenedRuntime = {
								enabled = 0;
							};
							com.apple.InAppPurchase = {
								enabled = 0;
							};
							com.apple.InterAppAudio = {
								enabled = 0;
							};
							com.apple.Push = {
								enabled = 0;
							};
							com.apple.Sandbox = {
								enabled = 0;
							};
						};
					};
					D2840B6C4301251E693A815C = {
						SystemCapabilities = {
							com.apple.ApplicationGroups.iOS = {
								enabled = 0;
							};
							com.apple.HardenedRuntime = {
								enabled = 0;
							};
							com.apple.InAppPurchase = {
								enabled = 0;
							};
							com.apple.InterAppAudio = {
								enabled = 0;
							};
							com.apple.Push = {
								enabled = 0;
							};
							com.apple.Sandbox = {
								enabled = 0;
							};
						};
					};
					EDDB13759118BF17AA22A606 = {
						SystemCapabilities = {
							com.apple.ApplicationGroups.iOS = {
								enabled = 0;
							};
							com.apple.HardenedRuntime = {
								enabled = 0;
							};
							com.apple.InAppPurchase = {
								enabled = 0;
							};
							com.apple.InterAppAudio = {
								enabled = 0;
							};
							com.apple.Push = {
								enabled = 0;
							};
							com.apple.Sandbox = {
								enabled = 0;
							};
						};
					};
				};
			};
			buildConfigurationList = E629803673E15FADB2373399 /* Build configuration list for PBXProject "week_2_plugin" */;
			compatibilityVersion = "Xcode 3.2";
			developmentRegion = en;
			hasScannedForEncodings = 0;
			knownRegions = (
				en,
				Base,
			);
			mainGroup = AF11672CDF99E2D05C8DBE35 /* Source */;
			projectDirPath = "";
			projectRoot = "";
			targets = (
				D2840B6C4301251E693A815C /* week_2_plugin - All */,
				6E8E7EA633E8D0C871215C18 /* week_2_plugin - VST3 */,
				B8FD613E07C723BE3470844E /* week_2_plugin - AU */,
				EDDB13759118BF17AA22A606 /* week_2_plugin - Standalone Plugin */,
				6022C6DAC41EE19D80DD4010 /* week_2_plugin - Shared Code */,
			);
		};
/* End PBXProject section */

/* Begin PBXResourcesBuildPhase section */
		89289DE7FF3BEDF0D7BAB469 /* Resources */ = {
			isa = PBXResourcesBuildPhase;
			buildActionMask = 2147483647;
			files = (
				657DE2790F2BF8A413738C36 /* RecentFilesMenuTemplate.nib in Resources */,
			);
			runOnlyForDeploymentPostprocessing = 0;
		};
		B47ADC7C490D09679CD7E83A /* Resources */ = {
			isa = PBXResourcesBuildPhase;
			buildActionMask = 2147483647;
			files = (
				FCA1484C27AF206900482EC0 /* RecentFilesMenuTemplate.nib in Resources */,
			);
			runOnlyForDeploymentPostprocessing = 0;
		};
		D6C793A9A5A5BB27B0E8F78D /* Resources */ = {
			isa = PBXResourcesBuildPhase;
			buildActionMask = 2147483647;
			files = (
				FCA1483F27AF206900482EC0 /* RecentFilesMenuTemplate.nib in Resources */,
			);
			runOnlyForDeploymentPostprocessing = 0;
		};
/* End PBXResourcesBuildPhase section */

/* Begin PBXRezBuildPhase section */
		AC7320E152B40DBF0F3DE8D9 /* Rez */ = {
			isa = PBXRezBuildPhase;
			buildActionMask = 2147483647;
			files = (
				910AD6EEACDEDA4E6663B1B2 /* include_juce_audio_plugin_client_AU.r in Rez */,
			);
			runOnlyForDeploymentPostprocessing = 0;
		};
/* End PBXRezBuildPhase section */

/* Begin PBXSourcesBuildPhase section */
		1B77C5B899024DC1DC33C47D /* Sources */ = {
			isa = PBXSourcesBuildPhase;
			buildActionMask = 2147483647;
			files = (
				51413C4FC51B02BCB34F5512 /* include_juce_audio_plugin_client_Standalone.cpp in Sources */,
			);
			runOnlyForDeploymentPostprocessing = 0;
		};
		DAB4273C83AFC2A705F719E2 /* Sources */ = {
			isa = PBXSourcesBuildPhase;
			buildActionMask = 2147483647;
			files = (
				7BD26CE5565D8D533864896F /* include_juce_audio_plugin_client_AU_1.mm in Sources */,
				EBA5B95DFC8AD59771D7E076 /* include_juce_audio_plugin_client_AU_2.mm in Sources */,
			);
			runOnlyForDeploymentPostprocessing = 0;
		};
		F701E94B18A0A8F8EF527E13 /* Sources */ = {
			isa = PBXSourcesBuildPhase;
			buildActionMask = 2147483647;
			files = (
				2B197BDF0C3E82A30D3DB1B6 /* include_juce_audio_plugin_client_VST3.cpp in Sources */,
			);
			runOnlyForDeploymentPostprocessing = 0;
		};
		FFDCF90F9F7AB53F4DF775CF /* Sources */ = {
			isa = PBXSourcesBuildPhase;
			buildActionMask = 2147483647;
			files = (
				35515C54447A2F0B502B6BD2 /* PluginProcessor.cpp in Sources */,
				92F9439F273BB2ABB8F5A7E3 /* PluginEditor.cpp in Sources */,
				BB29CBB2D2F1B2786686DDD3 /* include_juce_audio_basics.mm in Sources */,
				38C2C0C1ECEF71F557AFC0ED /* include_juce_audio_devices.mm in Sources */,
				AC4614D00365CC76C27B3054 /* include_juce_audio_formats.mm in Sources */,
				2ACDF5BD1BADD491C46AD4C7 /* include_juce_audio_plugin_client_utils.cpp in Sources */,
				91553B303AAF5C259A173B77 /* include_juce_audio_plugin_client_VST_utils.mm in Sources */,
				A7BF6F12713E3718C6A9B1DB /* include_juce_audio_processors.mm in Sources */,
				118FFD836F080B390DB5BEEF /* include_juce_audio_utils.mm in Sources */,
				52300AE8E590D5D6F02C29C5 /* include_juce_core.mm in Sources */,
				DCCE13B5A5EC868255BE2CB4 /* include_juce_data_structures.mm in Sources */,
				489598E65C1CE5E99511484F /* include_juce_events.mm in Sources */,
				05A09096472B54CB5C750405 /* include_juce_graphics.mm in Sources */,
				07E4377B5A90ED0DDC6CE374 /* include_juce_gui_basics.mm in Sources */,
				6D96F92EC75AF9538D193952 /* include_juce_gui_extra.mm in Sources */,
			);
			runOnlyForDeploymentPostprocessing = 0;
		};
/* End PBXSourcesBuildPhase section */

/* Begin PBXTargetDependency section */
		1A7F794F4418628B353CEC83 /* PBXTargetDependency */ = {
			isa = PBXTargetDependency;
			target = 6E8E7EA633E8D0C871215C18 /* week_2_plugin - VST3 */;
			targetProxy = FCA1485C27AF206B00482EC0 /* PBXContainerItemProxy */;
		};
		31F04EAAA278FCEB7BA82151 /* PBXTargetDependency */ = {
			isa = PBXTargetDependency;
			target = 6022C6DAC41EE19D80DD4010 /* week_2_plugin - Shared Code */;
			targetProxy = FCA1485927AF206B00482EC0 /* PBXContainerItemProxy */;
		};
		62201E3266D703280E773EAE /* PBXTargetDependency */ = {
			isa = PBXTargetDependency;
			target = EDDB13759118BF17AA22A606 /* week_2_plugin - Standalone Plugin */;
			targetProxy = FCA1485E27AF206B00482EC0 /* PBXContainerItemProxy */;
		};
		8CE0D3B7594071F38B49ACD9 /* PBXTargetDependency */ = {
			isa = PBXTargetDependency;
			target = 6022C6DAC41EE19D80DD4010 /* week_2_plugin - Shared Code */;
			targetProxy = FCA1485B27AF206B00482EC0 /* PBXContainerItemProxy */;
		};
		BB6A5E735007354713CBC91B /* PBXTargetDependency */ = {
			isa = PBXTargetDependency;
			target = B8FD613E07C723BE3470844E /* week_2_plugin - AU */;
			targetProxy = FCA1485D27AF206B00482EC0 /* PBXContainerItemProxy */;
		};
		DEC0D20C566E5A0D87652D22 /* PBXTargetDependency */ = {
			isa = PBXTargetDependency;
			target = 6022C6DAC41EE19D80DD4010 /* week_2_plugin - Shared Code */;
			targetProxy = FCA1485A27AF206B00482EC0 /* PBXContainerItemProxy */;
		};
		ED3429B90001DCA86E702428 /* PBXTargetDependency */ = {
			isa = PBXTargetDependency;
			target = 6022C6DAC41EE19D80DD4010 /* week_2_plugin - Shared Code */;
			targetProxy = FCA1485F27AF206B00482EC0 /* PBXContainerItemProxy */;
		};
/* End PBXTargetDependency section */

/* Begin XCBuildConfiguration section */
		0FA42E5A11E9F96F8FFA2818 /* Debug */ = {
			isa = XCBuildConfiguration;
			buildSettings = {
				CLANG_CXX_LANGUAGE_STANDARD = "c++14";
				CLANG_CXX_LIBRARY = "libc++";
				CLANG_LINK_OBJC_RUNTIME = NO;
				CODE_SIGN_IDENTITY = "";
				COMBINE_HIDPI_IMAGES = YES;
				CONFIGURATION_BUILD_DIR = "$(PROJECT_DIR)/build/$(CONFIGURATION)";
				COPY_PHASE_STRIP = NO;
				EXCLUDED_ARCHS = "";
				GCC_DYNAMIC_NO_PIC = NO;
				GCC_OPTIMIZATION_LEVEL = 0;
				GCC_PREPROCESSOR_DEFINITIONS = (
					"_DEBUG=1",
					"DEBUG=1",
					"JUCE_DISPLAY_SPLASH_SCREEN=1",
					"JUCE_USE_DARK_SPLASH_SCREEN=1",
					"JUCE_PROJUCER_VERSION=0x60104",
					"JUCE_MODULE_AVAILABLE_juce_audio_basics=1",
					"JUCE_MODULE_AVAILABLE_juce_audio_devices=1",
					"JUCE_MODULE_AVAILABLE_juce_audio_formats=1",
					"JUCE_MODULE_AVAILABLE_juce_audio_plugin_client=1",
					"JUCE_MODULE_AVAILABLE_juce_audio_processors=1",
					"JUCE_MODULE_AVAILABLE_juce_audio_utils=1",
					"JUCE_MODULE_AVAILABLE_juce_core=1",
					"JUCE_MODULE_AVAILABLE_juce_data_structures=1",
					"JUCE_MODULE_AVAILABLE_juce_events=1",
					"JUCE_MODULE_AVAILABLE_juce_graphics=1",
					"JUCE_MODULE_AVAILABLE_juce_gui_basics=1",
					"JUCE_MODULE_AVAILABLE_juce_gui_extra=1",
					"JUCE_GLOBAL_MODULE_SETTINGS_INCLUDED=1",
					"JUCE_VST3_CAN_REPLACE_VST2=0",
					"JUCE_STRICT_REFCOUNTEDPOINTER=1",
					"JucePlugin_Build_VST=0",
					"JucePlugin_Build_VST3=0",
					"JucePlugin_Build_AU=0",
					"JucePlugin_Build_AUv3=0",
					"JucePlugin_Build_RTAS=0",
					"JucePlugin_Build_AAX=0",
					"JucePlugin_Build_Standalone=1",
					"JucePlugin_Build_Unity=0",
					"JucePlugin_Enable_IAA=0",
					"JucePlugin_Name=\\\"week_2_plugin\\\"",
					"JucePlugin_Desc=\\\"week_2_plugin\\\"",
					"JucePlugin_Manufacturer=\\\"yourcompany\\\"",
					"JucePlugin_ManufacturerWebsite=\\\"\\\"",
					"JucePlugin_ManufacturerEmail=\\\"\\\"",
					"JucePlugin_ManufacturerCode=0x4d616e75",
					"JucePlugin_PluginCode=0x45793376",
					"JucePlugin_IsSynth=0",
					"JucePlugin_WantsMidiInput=0",
					"JucePlugin_ProducesMidiOutput=0",
					"JucePlugin_IsMidiEffect=0",
					"JucePlugin_EditorRequiresKeyboardFocus=0",
					"JucePlugin_Version=1.0.0",
					"JucePlugin_VersionCode=0x10000",
					"JucePlugin_VersionString=\\\"1.0.0\\\"",
					"JucePlugin_VSTUniqueID=JucePlugin_PluginCode",
					"JucePlugin_VSTCategory=kPlugCategEffect",
					"JucePlugin_Vst3Category=\\\"Fx\\\"",
					"JucePlugin_AUMainType=\\'aufx\\'",
					"JucePlugin_AUSubType=JucePlugin_PluginCode",
					"JucePlugin_AUExportPrefix=week_2_pluginAU",
					"JucePlugin_AUExportPrefixQuoted=\\\"week_2_pluginAU\\\"",
					"JucePlugin_AUManufacturerCode=JucePlugin_ManufacturerCode",
					"JucePlugin_CFBundleIdentifier=com.yourcompany.week_2_plugin",
					"JucePlugin_RTASCategory=0",
					"JucePlugin_RTASManufacturerCode=JucePlugin_ManufacturerCode",
					"JucePlugin_RTASProductId=JucePlugin_PluginCode",
					"JucePlugin_RTASDisableBypass=0",
					"JucePlugin_RTASDisableMultiMono=0",
					"JucePlugin_AAXIdentifier=com.yourcompany.week_2_plugin",
					"JucePlugin_AAXManufacturerCode=JucePlugin_ManufacturerCode",
					"JucePlugin_AAXProductId=JucePlugin_PluginCode",
					"JucePlugin_AAXCategory=0",
					"JucePlugin_AAXDisableBypass=0",
					"JucePlugin_AAXDisableMultiMono=0",
					"JucePlugin_IAAType=0x61757278",
					"JucePlugin_IAASubType=JucePlugin_PluginCode",
					"JucePlugin_IAAName=\\\"yourcompany:\\ week_2_plugin\\\"",
					"JucePlugin_VSTNumMidiInputs=16",
					"JucePlugin_VSTNumMidiOutputs=16",
					"JUCE_STANDALONE_APPLICATION=JucePlugin_Build_Standalone",
					"JUCER_XCODE_MAC_F6D2F4CF=1",
					"JUCE_APP_VERSION=1.0.0",
					"JUCE_APP_VERSION_HEX=0x10000",
				);
				GCC_VERSION = com.apple.compilers.llvm.clang.1_0;
				HEADER_SEARCH_PATHS = (
					"$(SRCROOT)/../../../../SDKs/JUCE/modules/juce_audio_processors/format_types/VST3_SDK",
					"$(SRCROOT)/../../JuceLibraryCode",
					"$(SRCROOT)/../../../../SDKs/JUCE/modules",
					"$(SRCROOT)/../../../../SDKs/JUCE/modules/juce_audio_plugin_client",
					"$(inherited)",
				);
				INFOPLIST_FILE = "Info-Standalone_Plugin.plist";
				INFOPLIST_PREPROCESS = NO;
				MACOSX_DEPLOYMENT_TARGET = 10.11;
				MTL_HEADER_SEARCH_PATHS = "$(SRCROOT)/../../../../SDKs/JUCE/modules/juce_audio_processors/format_types/VST3_SDK $(SRCROOT)/../../JuceLibraryCode $(SRCROOT)/../../../../SDKs/JUCE/modules $(SRCROOT)/../../../../SDKs/JUCE/modules/juce_audio_plugin_client";
				OTHER_LDFLAGS = "-lweek_2_plugin";
				PRODUCT_BUNDLE_IDENTIFIER = com.yourcompany.week_2_plugin;
				PRODUCT_NAME = week_2_plugin;
				USE_HEADERMAP = NO;
				VALID_ARCHS = "i386 x86_64 arm64 arm64e";
			};
			name = Debug;
		};
		1289FAB70A320499F2E74D2C /* Debug */ = {
			isa = XCBuildConfiguration;
			buildSettings = {
				CLANG_CXX_LANGUAGE_STANDARD = "c++14";
				CLANG_CXX_LIBRARY = "libc++";
				CLANG_LINK_OBJC_RUNTIME = NO;
				CODE_SIGN_IDENTITY = "";
				COMBINE_HIDPI_IMAGES = YES;
				CONFIGURATION_BUILD_DIR = "$(PROJECT_DIR)/build/$(CONFIGURATION)";
				COPY_PHASE_STRIP = NO;
				EXCLUDED_ARCHS = "";
				GCC_DYNAMIC_NO_PIC = NO;
				GCC_OPTIMIZATION_LEVEL = 0;
				GCC_PREPROCESSOR_DEFINITIONS = (
					"_DEBUG=1",
					"DEBUG=1",
					"JUCE_DISPLAY_SPLASH_SCREEN=1",
					"JUCE_USE_DARK_SPLASH_SCREEN=1",
					"JUCE_PROJUCER_VERSION=0x60104",
					"JUCE_MODULE_AVAILABLE_juce_audio_basics=1",
					"JUCE_MODULE_AVAILABLE_juce_audio_devices=1",
					"JUCE_MODULE_AVAILABLE_juce_audio_formats=1",
					"JUCE_MODULE_AVAILABLE_juce_audio_plugin_client=1",
					"JUCE_MODULE_AVAILABLE_juce_audio_processors=1",
					"JUCE_MODULE_AVAILABLE_juce_audio_utils=1",
					"JUCE_MODULE_AVAILABLE_juce_core=1",
					"JUCE_MODULE_AVAILABLE_juce_data_structures=1",
					"JUCE_MODULE_AVAILABLE_juce_events=1",
					"JUCE_MODULE_AVAILABLE_juce_graphics=1",
					"JUCE_MODULE_AVAILABLE_juce_gui_basics=1",
					"JUCE_MODULE_AVAILABLE_juce_gui_extra=1",
					"JUCE_GLOBAL_MODULE_SETTINGS_INCLUDED=1",
					"JUCE_VST3_CAN_REPLACE_VST2=0",
					"JUCE_STRICT_REFCOUNTEDPOINTER=1",
					"JucePlugin_Build_VST=0",
					"JucePlugin_Build_VST3=1",
					"JucePlugin_Build_AU=1",
					"JucePlugin_Build_AUv3=0",
					"JucePlugin_Build_RTAS=0",
					"JucePlugin_Build_AAX=0",
					"JucePlugin_Build_Standalone=1",
					"JucePlugin_Build_Unity=0",
					"JucePlugin_Enable_IAA=0",
					"JucePlugin_Name=\\\"week_2_plugin\\\"",
					"JucePlugin_Desc=\\\"week_2_plugin\\\"",
					"JucePlugin_Manufacturer=\\\"yourcompany\\\"",
					"JucePlugin_ManufacturerWebsite=\\\"\\\"",
					"JucePlugin_ManufacturerEmail=\\\"\\\"",
					"JucePlugin_ManufacturerCode=0x4d616e75",
					"JucePlugin_PluginCode=0x45793376",
					"JucePlugin_IsSynth=0",
					"JucePlugin_WantsMidiInput=0",
					"JucePlugin_ProducesMidiOutput=0",
					"JucePlugin_IsMidiEffect=0",
					"JucePlugin_EditorRequiresKeyboardFocus=0",
					"JucePlugin_Version=1.0.0",
					"JucePlugin_VersionCode=0x10000",
					"JucePlugin_VersionString=\\\"1.0.0\\\"",
					"JucePlugin_VSTUniqueID=JucePlugin_PluginCode",
					"JucePlugin_VSTCategory=kPlugCategEffect",
					"JucePlugin_Vst3Category=\\\"Fx\\\"",
					"JucePlugin_AUMainType=\\'aufx\\'",
					"JucePlugin_AUSubType=JucePlugin_PluginCode",
					"JucePlugin_AUExportPrefix=week_2_pluginAU",
					"JucePlugin_AUExportPrefixQuoted=\\\"week_2_pluginAU\\\"",
					"JucePlugin_AUManufacturerCode=JucePlugin_ManufacturerCode",
					"JucePlugin_CFBundleIdentifier=com.yourcompany.week_2_plugin",
					"JucePlugin_RTASCategory=0",
					"JucePlugin_RTASManufacturerCode=JucePlugin_ManufacturerCode",
					"JucePlugin_RTASProductId=JucePlugin_PluginCode",
					"JucePlugin_RTASDisableBypass=0",
					"JucePlugin_RTASDisableMultiMono=0",
					"JucePlugin_AAXIdentifier=com.yourcompany.week_2_plugin",
					"JucePlugin_AAXManufacturerCode=JucePlugin_ManufacturerCode",
					"JucePlugin_AAXProductId=JucePlugin_PluginCode",
					"JucePlugin_AAXCategory=0",
					"JucePlugin_AAXDisableBypass=0",
					"JucePlugin_AAXDisableMultiMono=0",
					"JucePlugin_IAAType=0x61757278",
					"JucePlugin_IAASubType=JucePlugin_PluginCode",
					"JucePlugin_IAAName=\\\"yourcompany:\\ week_2_plugin\\\"",
					"JucePlugin_VSTNumMidiInputs=16",
					"JucePlugin_VSTNumMidiOutputs=16",
					"JUCE_STANDALONE_APPLICATION=JucePlugin_Build_Standalone",
					"JUCER_XCODE_MAC_F6D2F4CF=1",
					"JUCE_APP_VERSION=1.0.0",
					"JUCE_APP_VERSION_HEX=0x10000",
					"JUCE_SHARED_CODE=1",
				);
				GCC_VERSION = com.apple.compilers.llvm.clang.1_0;
				HEADER_SEARCH_PATHS = (
					"$(SRCROOT)/../../../../SDKs/JUCE/modules/juce_audio_processors/format_types/VST3_SDK",
					"$(SRCROOT)/../../JuceLibraryCode",
					"$(SRCROOT)/../../../../SDKs/JUCE/modules",
					"$(SRCROOT)/../../../../SDKs/JUCE/modules/juce_audio_plugin_client",
					"$(inherited)",
				);
				INSTALL_PATH = "@executable_path/../Frameworks";
				MACOSX_DEPLOYMENT_TARGET = 10.11;
				MTL_HEADER_SEARCH_PATHS = "$(SRCROOT)/../../../../SDKs/JUCE/modules/juce_audio_processors/format_types/VST3_SDK $(SRCROOT)/../../JuceLibraryCode $(SRCROOT)/../../../../SDKs/JUCE/modules $(SRCROOT)/../../../../SDKs/JUCE/modules/juce_audio_plugin_client";
				PRODUCT_BUNDLE_IDENTIFIER = com.yourcompany.week_2_plugin;
				PRODUCT_NAME = week_2_plugin;
				SKIP_INSTALL = YES;
				USE_HEADERMAP = NO;
				VALID_ARCHS = "i386 x86_64 arm64 arm64e";
			};
			name = Debug;
		};
		270521345519E7731E748340 /* Release */ = {
			isa = XCBuildConfiguration;
			buildSettings = {
				CLANG_CXX_LANGUAGE_STANDARD = "c++14";
				CLANG_CXX_LIBRARY = "libc++";
				CLANG_LINK_OBJC_RUNTIME = NO;
				CODE_SIGN_IDENTITY = "";
				COMBINE_HIDPI_IMAGES = YES;
				CONFIGURATION_BUILD_DIR = "$(PROJECT_DIR)/build/$(CONFIGURATION)";
				DEAD_CODE_STRIPPING = YES;
				EXCLUDED_ARCHS = "";
				GCC_GENERATE_DEBUGGING_SYMBOLS = NO;
				GCC_OPTIMIZATION_LEVEL = 3;
				GCC_PREPROCESSOR_DEFINITIONS = (
					"_NDEBUG=1",
					"NDEBUG=1",
					"JUCE_DISPLAY_SPLASH_SCREEN=1",
					"JUCE_USE_DARK_SPLASH_SCREEN=1",
					"JUCE_PROJUCER_VERSION=0x60104",
					"JUCE_MODULE_AVAILABLE_juce_audio_basics=1",
					"JUCE_MODULE_AVAILABLE_juce_audio_devices=1",
					"JUCE_MODULE_AVAILABLE_juce_audio_formats=1",
					"JUCE_MODULE_AVAILABLE_juce_audio_plugin_client=1",
					"JUCE_MODULE_AVAILABLE_juce_audio_processors=1",
					"JUCE_MODULE_AVAILABLE_juce_audio_utils=1",
					"JUCE_MODULE_AVAILABLE_juce_core=1",
					"JUCE_MODULE_AVAILABLE_juce_data_structures=1",
					"JUCE_MODULE_AVAILABLE_juce_events=1",
					"JUCE_MODULE_AVAILABLE_juce_graphics=1",
					"JUCE_MODULE_AVAILABLE_juce_gui_basics=1",
					"JUCE_MODULE_AVAILABLE_juce_gui_extra=1",
					"JUCE_GLOBAL_MODULE_SETTINGS_INCLUDED=1",
					"JUCE_VST3_CAN_REPLACE_VST2=0",
					"JUCE_STRICT_REFCOUNTEDPOINTER=1",
					"JucePlugin_Build_VST=0",
					"JucePlugin_Build_VST3=1",
					"JucePlugin_Build_AU=1",
					"JucePlugin_Build_AUv3=0",
					"JucePlugin_Build_RTAS=0",
					"JucePlugin_Build_AAX=0",
					"JucePlugin_Build_Standalone=1",
					"JucePlugin_Build_Unity=0",
					"JucePlugin_Enable_IAA=0",
					"JucePlugin_Name=\\\"week_2_plugin\\\"",
					"JucePlugin_Desc=\\\"week_2_plugin\\\"",
					"JucePlugin_Manufacturer=\\\"yourcompany\\\"",
					"JucePlugin_ManufacturerWebsite=\\\"\\\"",
					"JucePlugin_ManufacturerEmail=\\\"\\\"",
					"JucePlugin_ManufacturerCode=0x4d616e75",
					"JucePlugin_PluginCode=0x45793376",
					"JucePlugin_IsSynth=0",
					"JucePlugin_WantsMidiInput=0",
					"JucePlugin_ProducesMidiOutput=0",
					"JucePlugin_IsMidiEffect=0",
					"JucePlugin_EditorRequiresKeyboardFocus=0",
					"JucePlugin_Version=1.0.0",
					"JucePlugin_VersionCode=0x10000",
					"JucePlugin_VersionString=\\\"1.0.0\\\"",
					"JucePlugin_VSTUniqueID=JucePlugin_PluginCode",
					"JucePlugin_VSTCategory=kPlugCategEffect",
					"JucePlugin_Vst3Category=\\\"Fx\\\"",
					"JucePlugin_AUMainType=\\'aufx\\'",
					"JucePlugin_AUSubType=JucePlugin_PluginCode",
					"JucePlugin_AUExportPrefix=week_2_pluginAU",
					"JucePlugin_AUExportPrefixQuoted=\\\"week_2_pluginAU\\\"",
					"JucePlugin_AUManufacturerCode=JucePlugin_ManufacturerCode",
					"JucePlugin_CFBundleIdentifier=com.yourcompany.week_2_plugin",
					"JucePlugin_RTASCategory=0",
					"JucePlugin_RTASManufacturerCode=JucePlugin_ManufacturerCode",
					"JucePlugin_RTASProductId=JucePlugin_PluginCode",
					"JucePlugin_RTASDisableBypass=0",
					"JucePlugin_RTASDisableMultiMono=0",
					"JucePlugin_AAXIdentifier=com.yourcompany.week_2_plugin",
					"JucePlugin_AAXManufacturerCode=JucePlugin_ManufacturerCode",
					"JucePlugin_AAXProductId=JucePlugin_PluginCode",
					"JucePlugin_AAXCategory=0",
					"JucePlugin_AAXDisableBypass=0",
					"JucePlugin_AAXDisableMultiMono=0",
					"JucePlugin_IAAType=0x61757278",
					"JucePlugin_IAASubType=JucePlugin_PluginCode",
					"JucePlugin_IAAName=\\\"yourcompany:\\ week_2_plugin\\\"",
					"JucePlugin_VSTNumMidiInputs=16",
					"JucePlugin_VSTNumMidiOutputs=16",
					"JUCE_STANDALONE_APPLICATION=JucePlugin_Build_Standalone",
					"JUCER_XCODE_MAC_F6D2F4CF=1",
					"JUCE_APP_VERSION=1.0.0",
					"JUCE_APP_VERSION_HEX=0x10000",
					"JUCE_SHARED_CODE=1",
				);
				GCC_VERSION = com.apple.compilers.llvm.clang.1_0;
				HEADER_SEARCH_PATHS = (
					"$(SRCROOT)/../../../../SDKs/JUCE/modules/juce_audio_processors/format_types/VST3_SDK",
					"$(SRCROOT)/../../JuceLibraryCode",
					"$(SRCROOT)/../../../../SDKs/JUCE/modules",
					"$(SRCROOT)/../../../../SDKs/JUCE/modules/juce_audio_plugin_client",
					"$(inherited)",
				);
				INSTALL_PATH = "@executable_path/../Frameworks";
				LLVM_LTO = YES;
				MACOSX_DEPLOYMENT_TARGET = 10.11;
				MTL_HEADER_SEARCH_PATHS = "$(SRCROOT)/../../../../SDKs/JUCE/modules/juce_audio_processors/format_types/VST3_SDK $(SRCROOT)/../../JuceLibraryCode $(SRCROOT)/../../../../SDKs/JUCE/modules $(SRCROOT)/../../../../SDKs/JUCE/modules/juce_audio_plugin_client";
				PRODUCT_BUNDLE_IDENTIFIER = com.yourcompany.week_2_plugin;
				PRODUCT_NAME = week_2_plugin;
				SKIP_INSTALL = YES;
				USE_HEADERMAP = NO;
				VALID_ARCHS = "i386 x86_64 arm64 arm64e";
			};
			name = Release;
		};
		290EE1B95FCE83DB340BFE4B /* Debug */ = {
			isa = XCBuildConfiguration;
			buildSettings = {
				ALWAYS_SEARCH_USER_PATHS = NO;
				CLANG_ENABLE_OBJC_WEAK = YES;
				CLANG_WARN_BLOCK_CAPTURE_AUTORELEASING = YES;
				CLANG_WARN_BOOL_CONVERSION = YES;
				CLANG_WARN_COMMA = YES;
				CLANG_WARN_CONSTANT_CONVERSION = YES;
				CLANG_WARN_DEPRECATED_OBJC_IMPLEMENTATIONS = YES;
				CLANG_WARN_EMPTY_BODY = YES;
				CLANG_WARN_ENUM_CONVERSION = YES;
				CLANG_WARN_INFINITE_RECURSION = YES;
				CLANG_WARN_INT_CONVERSION = YES;
				CLANG_WARN_NON_LITERAL_NULL_CONVERSION = YES;
				CLANG_WARN_OBJC_IMPLICIT_RETAIN_SELF = YES;
				CLANG_WARN_OBJC_LITERAL_CONVERSION = YES;
				CLANG_WARN_RANGE_LOOP_ANALYSIS = YES;
				CLANG_WARN_STRICT_PROTOTYPES = YES;
				CLANG_WARN_SUSPICIOUS_MOVE = YES;
				CLANG_WARN_UNREACHABLE_CODE = YES;
				CLANG_WARN__DUPLICATE_METHOD_MATCH = YES;
				CODE_SIGN_IDENTITY = "";
				DEBUG_INFORMATION_FORMAT = dwarf;
				ENABLE_STRICT_OBJC_MSGSEND = YES;
				ENABLE_TESTABILITY = NO;
				GCC_C_LANGUAGE_STANDARD = c11;
				GCC_INLINES_ARE_PRIVATE_EXTERN = YES;
				GCC_MODEL_TUNING = G5;
				GCC_NO_COMMON_BLOCKS = YES;
				GCC_SYMBOLS_PRIVATE_EXTERN = YES;
				GCC_WARN_64_TO_32_BIT_CONVERSION = YES;
				GCC_WARN_ABOUT_RETURN_TYPE = YES;
				GCC_WARN_CHECK_SWITCH_STATEMENTS = YES;
				GCC_WARN_MISSING_PARENTHESES = YES;
				GCC_WARN_NON_VIRTUAL_DESTRUCTOR = YES;
				GCC_WARN_TYPECHECK_CALLS_TO_PRINTF = YES;
				GCC_WARN_UNDECLARED_SELECTOR = YES;
				GCC_WARN_UNINITIALIZED_AUTOS = YES;
				GCC_WARN_UNUSED_FUNCTION = YES;
				GCC_WARN_UNUSED_VARIABLE = YES;
				ONLY_ACTIVE_ARCH = YES;
				PRODUCT_NAME = week_2_plugin;
				SDKROOT = macosx;
				WARNING_CFLAGS = "-Wreorder";
				ZERO_LINK = NO;
			};
			name = Debug;
		};
		53AF454B6C49340A0C064300 /* Debug */ = {
			isa = XCBuildConfiguration;
			buildSettings = {
				CLANG_CXX_LANGUAGE_STANDARD = "c++14";
				CLANG_CXX_LIBRARY = "libc++";
				CLANG_LINK_OBJC_RUNTIME = NO;
				CODE_SIGN_IDENTITY = "";
				COMBINE_HIDPI_IMAGES = YES;
				CONFIGURATION_BUILD_DIR = "$(PROJECT_DIR)/build/$(CONFIGURATION)";
				COPY_PHASE_STRIP = NO;
				DEPLOYMENT_LOCATION = YES;
				DSTROOT = /;
				EXCLUDED_ARCHS = "";
				GCC_DYNAMIC_NO_PIC = NO;
				GCC_OPTIMIZATION_LEVEL = 0;
				GCC_PREPROCESSOR_DEFINITIONS = (
					"_DEBUG=1",
					"DEBUG=1",
					"JUCE_DISPLAY_SPLASH_SCREEN=1",
					"JUCE_USE_DARK_SPLASH_SCREEN=1",
					"JUCE_PROJUCER_VERSION=0x60104",
					"JUCE_MODULE_AVAILABLE_juce_audio_basics=1",
					"JUCE_MODULE_AVAILABLE_juce_audio_devices=1",
					"JUCE_MODULE_AVAILABLE_juce_audio_formats=1",
					"JUCE_MODULE_AVAILABLE_juce_audio_plugin_client=1",
					"JUCE_MODULE_AVAILABLE_juce_audio_processors=1",
					"JUCE_MODULE_AVAILABLE_juce_audio_utils=1",
					"JUCE_MODULE_AVAILABLE_juce_core=1",
					"JUCE_MODULE_AVAILABLE_juce_data_structures=1",
					"JUCE_MODULE_AVAILABLE_juce_events=1",
					"JUCE_MODULE_AVAILABLE_juce_graphics=1",
					"JUCE_MODULE_AVAILABLE_juce_gui_basics=1",
					"JUCE_MODULE_AVAILABLE_juce_gui_extra=1",
					"JUCE_GLOBAL_MODULE_SETTINGS_INCLUDED=1",
					"JUCE_VST3_CAN_REPLACE_VST2=0",
					"JUCE_STRICT_REFCOUNTEDPOINTER=1",
					"JucePlugin_Build_VST=0",
					"JucePlugin_Build_VST3=0",
					"JucePlugin_Build_AU=1",
					"JucePlugin_Build_AUv3=0",
					"JucePlugin_Build_RTAS=0",
					"JucePlugin_Build_AAX=0",
					"JucePlugin_Build_Standalone=0",
					"JucePlugin_Build_Unity=0",
					"JucePlugin_Enable_IAA=0",
					"JucePlugin_Name=\\\"week_2_plugin\\\"",
					"JucePlugin_Desc=\\\"week_2_plugin\\\"",
					"JucePlugin_Manufacturer=\\\"yourcompany\\\"",
					"JucePlugin_ManufacturerWebsite=\\\"\\\"",
					"JucePlugin_ManufacturerEmail=\\\"\\\"",
					"JucePlugin_ManufacturerCode=0x4d616e75",
					"JucePlugin_PluginCode=0x45793376",
					"JucePlugin_IsSynth=0",
					"JucePlugin_WantsMidiInput=0",
					"JucePlugin_ProducesMidiOutput=0",
					"JucePlugin_IsMidiEffect=0",
					"JucePlugin_EditorRequiresKeyboardFocus=0",
					"JucePlugin_Version=1.0.0",
					"JucePlugin_VersionCode=0x10000",
					"JucePlugin_VersionString=\\\"1.0.0\\\"",
					"JucePlugin_VSTUniqueID=JucePlugin_PluginCode",
					"JucePlugin_VSTCategory=kPlugCategEffect",
					"JucePlugin_Vst3Category=\\\"Fx\\\"",
					"JucePlugin_AUMainType=\\'aufx\\'",
					"JucePlugin_AUSubType=JucePlugin_PluginCode",
					"JucePlugin_AUExportPrefix=week_2_pluginAU",
					"JucePlugin_AUExportPrefixQuoted=\\\"week_2_pluginAU\\\"",
					"JucePlugin_AUManufacturerCode=JucePlugin_ManufacturerCode",
					"JucePlugin_CFBundleIdentifier=com.yourcompany.week_2_plugin",
					"JucePlugin_RTASCategory=0",
					"JucePlugin_RTASManufacturerCode=JucePlugin_ManufacturerCode",
					"JucePlugin_RTASProductId=JucePlugin_PluginCode",
					"JucePlugin_RTASDisableBypass=0",
					"JucePlugin_RTASDisableMultiMono=0",
					"JucePlugin_AAXIdentifier=com.yourcompany.week_2_plugin",
					"JucePlugin_AAXManufacturerCode=JucePlugin_ManufacturerCode",
					"JucePlugin_AAXProductId=JucePlugin_PluginCode",
					"JucePlugin_AAXCategory=0",
					"JucePlugin_AAXDisableBypass=0",
					"JucePlugin_AAXDisableMultiMono=0",
					"JucePlugin_IAAType=0x61757278",
					"JucePlugin_IAASubType=JucePlugin_PluginCode",
					"JucePlugin_IAAName=\\\"yourcompany:\\ week_2_plugin\\\"",
					"JucePlugin_VSTNumMidiInputs=16",
					"JucePlugin_VSTNumMidiOutputs=16",
					"JUCE_STANDALONE_APPLICATION=JucePlugin_Build_Standalone",
					"JUCER_XCODE_MAC_F6D2F4CF=1",
					"JUCE_APP_VERSION=1.0.0",
					"JUCE_APP_VERSION_HEX=0x10000",
				);
				GCC_VERSION = com.apple.compilers.llvm.clang.1_0;
				GENERATE_PKGINFO_FILE = YES;
				HEADER_SEARCH_PATHS = (
					"$(SRCROOT)/../../../../SDKs/JUCE/modules/juce_audio_processors/format_types/VST3_SDK",
					"$(SRCROOT)/../../JuceLibraryCode",
					"$(SRCROOT)/../../../../SDKs/JUCE/modules",
					"$(SRCROOT)/../../../../SDKs/JUCE/modules/juce_audio_plugin_client",
					"$(inherited)",
				);
				INFOPLIST_FILE = "Info-AU.plist";
				INFOPLIST_PREPROCESS = NO;
				INSTALL_PATH = "$(HOME)/Library/Audio/Plug-Ins/Components/";
				LIBRARY_STYLE = Bundle;
				MACOSX_DEPLOYMENT_TARGET = 10.11;
				MTL_HEADER_SEARCH_PATHS = "$(SRCROOT)/../../../../SDKs/JUCE/modules/juce_audio_processors/format_types/VST3_SDK $(SRCROOT)/../../JuceLibraryCode $(SRCROOT)/../../../../SDKs/JUCE/modules $(SRCROOT)/../../../../SDKs/JUCE/modules/juce_audio_plugin_client";
				OTHER_LDFLAGS = (
					"-bundle",
					"-lweek_2_plugin",
				);
				OTHER_REZFLAGS = "-d ppc_$ppc -d i386_$i386 -d ppc64_$ppc64 -d x86_64_$x86_64 -d arm64_$arm64 -I /System/Library/Frameworks/CoreServices.framework/Frameworks/CarbonCore.framework/Versions/A/Headers -I \"$(DEVELOPER_DIR)/Extras/CoreAudio/AudioUnits/AUPublic/AUBase\" -I \"$(DEVELOPER_DIR)/Platforms/MacOSX.platform/Developer/SDKs/MacOSX.sdk/System/Library/Frameworks/AudioUnit.framework/Headers\"";
				PRODUCT_BUNDLE_IDENTIFIER = com.yourcompany.week_2_plugin;
				PRODUCT_NAME = week_2_plugin;
				USE_HEADERMAP = NO;
				VALID_ARCHS = "i386 x86_64 arm64 arm64e";
				WRAPPER_EXTENSION = component;
			};
			name = Debug;
		};
		8078F22CA9E7E84EACE04BFB /* Release */ = {
			isa = XCBuildConfiguration;
			buildSettings = {
				CLANG_CXX_LANGUAGE_STANDARD = "c++14";
				CLANG_CXX_LIBRARY = "libc++";
				CLANG_LINK_OBJC_RUNTIME = NO;
				CODE_SIGN_IDENTITY = "";
				COMBINE_HIDPI_IMAGES = YES;
				CONFIGURATION_BUILD_DIR = "$(PROJECT_DIR)/build/$(CONFIGURATION)";
				DEAD_CODE_STRIPPING = YES;
				DEPLOYMENT_LOCATION = YES;
				DSTROOT = /;
				EXCLUDED_ARCHS = "";
				GCC_GENERATE_DEBUGGING_SYMBOLS = NO;
				GCC_OPTIMIZATION_LEVEL = 3;
				GCC_PREPROCESSOR_DEFINITIONS = (
					"_NDEBUG=1",
					"NDEBUG=1",
					"JUCE_DISPLAY_SPLASH_SCREEN=1",
					"JUCE_USE_DARK_SPLASH_SCREEN=1",
					"JUCE_PROJUCER_VERSION=0x60104",
					"JUCE_MODULE_AVAILABLE_juce_audio_basics=1",
					"JUCE_MODULE_AVAILABLE_juce_audio_devices=1",
					"JUCE_MODULE_AVAILABLE_juce_audio_formats=1",
					"JUCE_MODULE_AVAILABLE_juce_audio_plugin_client=1",
					"JUCE_MODULE_AVAILABLE_juce_audio_processors=1",
					"JUCE_MODULE_AVAILABLE_juce_audio_utils=1",
					"JUCE_MODULE_AVAILABLE_juce_core=1",
					"JUCE_MODULE_AVAILABLE_juce_data_structures=1",
					"JUCE_MODULE_AVAILABLE_juce_events=1",
					"JUCE_MODULE_AVAILABLE_juce_graphics=1",
					"JUCE_MODULE_AVAILABLE_juce_gui_basics=1",
					"JUCE_MODULE_AVAILABLE_juce_gui_extra=1",
					"JUCE_GLOBAL_MODULE_SETTINGS_INCLUDED=1",
					"JUCE_VST3_CAN_REPLACE_VST2=0",
					"JUCE_STRICT_REFCOUNTEDPOINTER=1",
					"JucePlugin_Build_VST=0",
					"JucePlugin_Build_VST3=1",
					"JucePlugin_Build_AU=0",
					"JucePlugin_Build_AUv3=0",
					"JucePlugin_Build_RTAS=0",
					"JucePlugin_Build_AAX=0",
					"JucePlugin_Build_Standalone=0",
					"JucePlugin_Build_Unity=0",
					"JucePlugin_Enable_IAA=0",
					"JucePlugin_Name=\\\"week_2_plugin\\\"",
					"JucePlugin_Desc=\\\"week_2_plugin\\\"",
					"JucePlugin_Manufacturer=\\\"yourcompany\\\"",
					"JucePlugin_ManufacturerWebsite=\\\"\\\"",
					"JucePlugin_ManufacturerEmail=\\\"\\\"",
					"JucePlugin_ManufacturerCode=0x4d616e75",
					"JucePlugin_PluginCode=0x45793376",
					"JucePlugin_IsSynth=0",
					"JucePlugin_WantsMidiInput=0",
					"JucePlugin_ProducesMidiOutput=0",
					"JucePlugin_IsMidiEffect=0",
					"JucePlugin_EditorRequiresKeyboardFocus=0",
					"JucePlugin_Version=1.0.0",
					"JucePlugin_VersionCode=0x10000",
					"JucePlugin_VersionString=\\\"1.0.0\\\"",
					"JucePlugin_VSTUniqueID=JucePlugin_PluginCode",
					"JucePlugin_VSTCategory=kPlugCategEffect",
					"JucePlugin_Vst3Category=\\\"Fx\\\"",
					"JucePlugin_AUMainType=\\'aufx\\'",
					"JucePlugin_AUSubType=JucePlugin_PluginCode",
					"JucePlugin_AUExportPrefix=week_2_pluginAU",
					"JucePlugin_AUExportPrefixQuoted=\\\"week_2_pluginAU\\\"",
					"JucePlugin_AUManufacturerCode=JucePlugin_ManufacturerCode",
					"JucePlugin_CFBundleIdentifier=com.yourcompany.week_2_plugin",
					"JucePlugin_RTASCategory=0",
					"JucePlugin_RTASManufacturerCode=JucePlugin_ManufacturerCode",
					"JucePlugin_RTASProductId=JucePlugin_PluginCode",
					"JucePlugin_RTASDisableBypass=0",
					"JucePlugin_RTASDisableMultiMono=0",
					"JucePlugin_AAXIdentifier=com.yourcompany.week_2_plugin",
					"JucePlugin_AAXManufacturerCode=JucePlugin_ManufacturerCode",
					"JucePlugin_AAXProductId=JucePlugin_PluginCode",
					"JucePlugin_AAXCategory=0",
					"JucePlugin_AAXDisableBypass=0",
					"JucePlugin_AAXDisableMultiMono=0",
					"JucePlugin_IAAType=0x61757278",
					"JucePlugin_IAASubType=JucePlugin_PluginCode",
					"JucePlugin_IAAName=\\\"yourcompany:\\ week_2_plugin\\\"",
					"JucePlugin_VSTNumMidiInputs=16",
					"JucePlugin_VSTNumMidiOutputs=16",
					"JUCE_STANDALONE_APPLICATION=JucePlugin_Build_Standalone",
					"JUCER_XCODE_MAC_F6D2F4CF=1",
					"JUCE_APP_VERSION=1.0.0",
					"JUCE_APP_VERSION_HEX=0x10000",
				);
				GCC_VERSION = com.apple.compilers.llvm.clang.1_0;
				GENERATE_PKGINFO_FILE = YES;
				HEADER_SEARCH_PATHS = (
					"$(SRCROOT)/../../../../SDKs/JUCE/modules/juce_audio_processors/format_types/VST3_SDK",
					"$(SRCROOT)/../../JuceLibraryCode",
					"$(SRCROOT)/../../../../SDKs/JUCE/modules",
					"$(SRCROOT)/../../../../SDKs/JUCE/modules/juce_audio_plugin_client",
					"$(inherited)",
				);
				INFOPLIST_FILE = "Info-VST3.plist";
				INFOPLIST_PREPROCESS = NO;
				INSTALL_PATH = "$(HOME)/Library/Audio/Plug-Ins/VST3/";
				LIBRARY_STYLE = Bundle;
				LLVM_LTO = YES;
				MACOSX_DEPLOYMENT_TARGET = 10.11;
				MTL_HEADER_SEARCH_PATHS = "$(SRCROOT)/../../../../SDKs/JUCE/modules/juce_audio_processors/format_types/VST3_SDK $(SRCROOT)/../../JuceLibraryCode $(SRCROOT)/../../../../SDKs/JUCE/modules $(SRCROOT)/../../../../SDKs/JUCE/modules/juce_audio_plugin_client";
				OTHER_LDFLAGS = (
					"-bundle",
					"-lweek_2_plugin",
				);
				PRODUCT_BUNDLE_IDENTIFIER = com.yourcompany.week_2_plugin;
				PRODUCT_NAME = week_2_plugin;
				USE_HEADERMAP = NO;
				VALID_ARCHS = "i386 x86_64 arm64 arm64e";
				WRAPPER_EXTENSION = vst3;
			};
			name = Release;
		};
		88AB7F42FA916951B2D1FB14 /* Release */ = {
			isa = XCBuildConfiguration;
			buildSettings = {
				ALWAYS_SEARCH_USER_PATHS = NO;
				CLANG_ENABLE_OBJC_WEAK = YES;
				CLANG_WARN_BLOCK_CAPTURE_AUTORELEASING = YES;
				CLANG_WARN_BOOL_CONVERSION = YES;
				CLANG_WARN_COMMA = YES;
				CLANG_WARN_CONSTANT_CONVERSION = YES;
				CLANG_WARN_DEPRECATED_OBJC_IMPLEMENTATIONS = YES;
				CLANG_WARN_EMPTY_BODY = YES;
				CLANG_WARN_ENUM_CONVERSION = YES;
				CLANG_WARN_INFINITE_RECURSION = YES;
				CLANG_WARN_INT_CONVERSION = YES;
				CLANG_WARN_NON_LITERAL_NULL_CONVERSION = YES;
				CLANG_WARN_OBJC_IMPLICIT_RETAIN_SELF = YES;
				CLANG_WARN_OBJC_LITERAL_CONVERSION = YES;
				CLANG_WARN_RANGE_LOOP_ANALYSIS = YES;
				CLANG_WARN_STRICT_PROTOTYPES = YES;
				CLANG_WARN_SUSPICIOUS_MOVE = YES;
				CLANG_WARN_UNREACHABLE_CODE = YES;
				CLANG_WARN__DUPLICATE_METHOD_MATCH = YES;
				CODE_SIGN_IDENTITY = "";
				DEBUG_INFORMATION_FORMAT = dwarf;
				ENABLE_STRICT_OBJC_MSGSEND = YES;
				ENABLE_TESTABILITY = NO;
				GCC_C_LANGUAGE_STANDARD = c11;
				GCC_INLINES_ARE_PRIVATE_EXTERN = YES;
				GCC_MODEL_TUNING = G5;
				GCC_NO_COMMON_BLOCKS = YES;
				GCC_SYMBOLS_PRIVATE_EXTERN = YES;
				GCC_WARN_64_TO_32_BIT_CONVERSION = YES;
				GCC_WARN_ABOUT_RETURN_TYPE = YES;
				GCC_WARN_CHECK_SWITCH_STATEMENTS = YES;
				GCC_WARN_MISSING_PARENTHESES = YES;
				GCC_WARN_NON_VIRTUAL_DESTRUCTOR = YES;
				GCC_WARN_TYPECHECK_CALLS_TO_PRINTF = YES;
				GCC_WARN_UNDECLARED_SELECTOR = YES;
				GCC_WARN_UNINITIALIZED_AUTOS = YES;
				GCC_WARN_UNUSED_FUNCTION = YES;
				GCC_WARN_UNUSED_VARIABLE = YES;
				PRODUCT_NAME = week_2_plugin;
				SDKROOT = macosx;
				WARNING_CFLAGS = "-Wreorder";
				ZERO_LINK = NO;
			};
			name = Release;
		};
		A4F2AC0D4A864CE4CCC9F354 /* Debug */ = {
			isa = XCBuildConfiguration;
			buildSettings = {
				MACOSX_DEPLOYMENT_TARGET = 10.11;
				SDKROOT = macosx;
			};
			name = Debug;
		};
		C2099214B82C97A832B096AF /* Release */ = {
			isa = XCBuildConfiguration;
			buildSettings = {
				MACOSX_DEPLOYMENT_TARGET = 10.11;
				SDKROOT = macosx;
			};
			name = Release;
		};
		C6113F5B59E2FFA6FBF9EE27 /* Release */ = {
			isa = XCBuildConfiguration;
			buildSettings = {
				CLANG_CXX_LANGUAGE_STANDARD = "c++14";
				CLANG_CXX_LIBRARY = "libc++";
				CLANG_LINK_OBJC_RUNTIME = NO;
				CODE_SIGN_IDENTITY = "";
				COMBINE_HIDPI_IMAGES = YES;
				CONFIGURATION_BUILD_DIR = "$(PROJECT_DIR)/build/$(CONFIGURATION)";
				DEAD_CODE_STRIPPING = YES;
				EXCLUDED_ARCHS = "";
				GCC_GENERATE_DEBUGGING_SYMBOLS = NO;
				GCC_OPTIMIZATION_LEVEL = 3;
				GCC_PREPROCESSOR_DEFINITIONS = (
					"_NDEBUG=1",
					"NDEBUG=1",
					"JUCE_DISPLAY_SPLASH_SCREEN=1",
					"JUCE_USE_DARK_SPLASH_SCREEN=1",
					"JUCE_PROJUCER_VERSION=0x60104",
					"JUCE_MODULE_AVAILABLE_juce_audio_basics=1",
					"JUCE_MODULE_AVAILABLE_juce_audio_devices=1",
					"JUCE_MODULE_AVAILABLE_juce_audio_formats=1",
					"JUCE_MODULE_AVAILABLE_juce_audio_plugin_client=1",
					"JUCE_MODULE_AVAILABLE_juce_audio_processors=1",
					"JUCE_MODULE_AVAILABLE_juce_audio_utils=1",
					"JUCE_MODULE_AVAILABLE_juce_core=1",
					"JUCE_MODULE_AVAILABLE_juce_data_structures=1",
					"JUCE_MODULE_AVAILABLE_juce_events=1",
					"JUCE_MODULE_AVAILABLE_juce_graphics=1",
					"JUCE_MODULE_AVAILABLE_juce_gui_basics=1",
					"JUCE_MODULE_AVAILABLE_juce_gui_extra=1",
					"JUCE_GLOBAL_MODULE_SETTINGS_INCLUDED=1",
					"JUCE_VST3_CAN_REPLACE_VST2=0",
					"JUCE_STRICT_REFCOUNTEDPOINTER=1",
					"JucePlugin_Build_VST=0",
					"JucePlugin_Build_VST3=0",
					"JucePlugin_Build_AU=0",
					"JucePlugin_Build_AUv3=0",
					"JucePlugin_Build_RTAS=0",
					"JucePlugin_Build_AAX=0",
					"JucePlugin_Build_Standalone=1",
					"JucePlugin_Build_Unity=0",
					"JucePlugin_Enable_IAA=0",
					"JucePlugin_Name=\\\"week_2_plugin\\\"",
					"JucePlugin_Desc=\\\"week_2_plugin\\\"",
					"JucePlugin_Manufacturer=\\\"yourcompany\\\"",
					"JucePlugin_ManufacturerWebsite=\\\"\\\"",
					"JucePlugin_ManufacturerEmail=\\\"\\\"",
					"JucePlugin_ManufacturerCode=0x4d616e75",
					"JucePlugin_PluginCode=0x45793376",
					"JucePlugin_IsSynth=0",
					"JucePlugin_WantsMidiInput=0",
					"JucePlugin_ProducesMidiOutput=0",
					"JucePlugin_IsMidiEffect=0",
					"JucePlugin_EditorRequiresKeyboardFocus=0",
					"JucePlugin_Version=1.0.0",
					"JucePlugin_VersionCode=0x10000",
					"JucePlugin_VersionString=\\\"1.0.0\\\"",
					"JucePlugin_VSTUniqueID=JucePlugin_PluginCode",
					"JucePlugin_VSTCategory=kPlugCategEffect",
					"JucePlugin_Vst3Category=\\\"Fx\\\"",
					"JucePlugin_AUMainType=\\'aufx\\'",
					"JucePlugin_AUSubType=JucePlugin_PluginCode",
					"JucePlugin_AUExportPrefix=week_2_pluginAU",
					"JucePlugin_AUExportPrefixQuoted=\\\"week_2_pluginAU\\\"",
					"JucePlugin_AUManufacturerCode=JucePlugin_ManufacturerCode",
					"JucePlugin_CFBundleIdentifier=com.yourcompany.week_2_plugin",
					"JucePlugin_RTASCategory=0",
					"JucePlugin_RTASManufacturerCode=JucePlugin_ManufacturerCode",
					"JucePlugin_RTASProductId=JucePlugin_PluginCode",
					"JucePlugin_RTASDisableBypass=0",
					"JucePlugin_RTASDisableMultiMono=0",
					"JucePlugin_AAXIdentifier=com.yourcompany.week_2_plugin",
					"JucePlugin_AAXManufacturerCode=JucePlugin_ManufacturerCode",
					"JucePlugin_AAXProductId=JucePlugin_PluginCode",
					"JucePlugin_AAXCategory=0",
					"JucePlugin_AAXDisableBypass=0",
					"JucePlugin_AAXDisableMultiMono=0",
					"JucePlugin_IAAType=0x61757278",
					"JucePlugin_IAASubType=JucePlugin_PluginCode",
					"JucePlugin_IAAName=\\\"yourcompany:\\ week_2_plugin\\\"",
					"JucePlugin_VSTNumMidiInputs=16",
					"JucePlugin_VSTNumMidiOutputs=16",
					"JUCE_STANDALONE_APPLICATION=JucePlugin_Build_Standalone",
					"JUCER_XCODE_MAC_F6D2F4CF=1",
					"JUCE_APP_VERSION=1.0.0",
					"JUCE_APP_VERSION_HEX=0x10000",
				);
				GCC_VERSION = com.apple.compilers.llvm.clang.1_0;
				HEADER_SEARCH_PATHS = (
					"$(SRCROOT)/../../../../SDKs/JUCE/modules/juce_audio_processors/format_types/VST3_SDK",
					"$(SRCROOT)/../../JuceLibraryCode",
					"$(SRCROOT)/../../../../SDKs/JUCE/modules",
					"$(SRCROOT)/../../../../SDKs/JUCE/modules/juce_audio_plugin_client",
					"$(inherited)",
				);
				INFOPLIST_FILE = "Info-Standalone_Plugin.plist";
				INFOPLIST_PREPROCESS = NO;
				LLVM_LTO = YES;
				MACOSX_DEPLOYMENT_TARGET = 10.11;
				MTL_HEADER_SEARCH_PATHS = "$(SRCROOT)/../../../../SDKs/JUCE/modules/juce_audio_processors/format_types/VST3_SDK $(SRCROOT)/../../JuceLibraryCode $(SRCROOT)/../../../../SDKs/JUCE/modules $(SRCROOT)/../../../../SDKs/JUCE/modules/juce_audio_plugin_client";
				OTHER_LDFLAGS = "-lweek_2_plugin";
				PRODUCT_BUNDLE_IDENTIFIER = com.yourcompany.week_2_plugin;
				PRODUCT_NAME = week_2_plugin;
				USE_HEADERMAP = NO;
				VALID_ARCHS = "i386 x86_64 arm64 arm64e";
			};
			name = Release;
		};
		C8F8B987364B0B97FC695C2F /* Debug */ = {
			isa = XCBuildConfiguration;
			buildSettings = {
				CLANG_CXX_LANGUAGE_STANDARD = "c++14";
				CLANG_CXX_LIBRARY = "libc++";
				CLANG_LINK_OBJC_RUNTIME = NO;
				CODE_SIGN_IDENTITY = "";
				COMBINE_HIDPI_IMAGES = YES;
				CONFIGURATION_BUILD_DIR = "$(PROJECT_DIR)/build/$(CONFIGURATION)";
				COPY_PHASE_STRIP = NO;
				DEPLOYMENT_LOCATION = YES;
				DSTROOT = /;
				EXCLUDED_ARCHS = "";
				GCC_DYNAMIC_NO_PIC = NO;
				GCC_OPTIMIZATION_LEVEL = 0;
				GCC_PREPROCESSOR_DEFINITIONS = (
					"_DEBUG=1",
					"DEBUG=1",
					"JUCE_DISPLAY_SPLASH_SCREEN=1",
					"JUCE_USE_DARK_SPLASH_SCREEN=1",
					"JUCE_PROJUCER_VERSION=0x60104",
					"JUCE_MODULE_AVAILABLE_juce_audio_basics=1",
					"JUCE_MODULE_AVAILABLE_juce_audio_devices=1",
					"JUCE_MODULE_AVAILABLE_juce_audio_formats=1",
					"JUCE_MODULE_AVAILABLE_juce_audio_plugin_client=1",
					"JUCE_MODULE_AVAILABLE_juce_audio_processors=1",
					"JUCE_MODULE_AVAILABLE_juce_audio_utils=1",
					"JUCE_MODULE_AVAILABLE_juce_core=1",
					"JUCE_MODULE_AVAILABLE_juce_data_structures=1",
					"JUCE_MODULE_AVAILABLE_juce_events=1",
					"JUCE_MODULE_AVAILABLE_juce_graphics=1",
					"JUCE_MODULE_AVAILABLE_juce_gui_basics=1",
					"JUCE_MODULE_AVAILABLE_juce_gui_extra=1",
					"JUCE_GLOBAL_MODULE_SETTINGS_INCLUDED=1",
					"JUCE_VST3_CAN_REPLACE_VST2=0",
					"JUCE_STRICT_REFCOUNTEDPOINTER=1",
					"JucePlugin_Build_VST=0",
					"JucePlugin_Build_VST3=1",
					"JucePlugin_Build_AU=0",
					"JucePlugin_Build_AUv3=0",
					"JucePlugin_Build_RTAS=0",
					"JucePlugin_Build_AAX=0",
					"JucePlugin_Build_Standalone=0",
					"JucePlugin_Build_Unity=0",
					"JucePlugin_Enable_IAA=0",
					"JucePlugin_Name=\\\"week_2_plugin\\\"",
					"JucePlugin_Desc=\\\"week_2_plugin\\\"",
					"JucePlugin_Manufacturer=\\\"yourcompany\\\"",
					"JucePlugin_ManufacturerWebsite=\\\"\\\"",
					"JucePlugin_ManufacturerEmail=\\\"\\\"",
					"JucePlugin_ManufacturerCode=0x4d616e75",
					"JucePlugin_PluginCode=0x45793376",
					"JucePlugin_IsSynth=0",
					"JucePlugin_WantsMidiInput=0",
					"JucePlugin_ProducesMidiOutput=0",
					"JucePlugin_IsMidiEffect=0",
					"JucePlugin_EditorRequiresKeyboardFocus=0",
					"JucePlugin_Version=1.0.0",
					"JucePlugin_VersionCode=0x10000",
					"JucePlugin_VersionString=\\\"1.0.0\\\"",
					"JucePlugin_VSTUniqueID=JucePlugin_PluginCode",
					"JucePlugin_VSTCategory=kPlugCategEffect",
					"JucePlugin_Vst3Category=\\\"Fx\\\"",
					"JucePlugin_AUMainType=\\'aufx\\'",
					"JucePlugin_AUSubType=JucePlugin_PluginCode",
					"JucePlugin_AUExportPrefix=week_2_pluginAU",
					"JucePlugin_AUExportPrefixQuoted=\\\"week_2_pluginAU\\\"",
					"JucePlugin_AUManufacturerCode=JucePlugin_ManufacturerCode",
					"JucePlugin_CFBundleIdentifier=com.yourcompany.week_2_plugin",
					"JucePlugin_RTASCategory=0",
					"JucePlugin_RTASManufacturerCode=JucePlugin_ManufacturerCode",
					"JucePlugin_RTASProductId=JucePlugin_PluginCode",
					"JucePlugin_RTASDisableBypass=0",
					"JucePlugin_RTASDisableMultiMono=0",
					"JucePlugin_AAXIdentifier=com.yourcompany.week_2_plugin",
					"JucePlugin_AAXManufacturerCode=JucePlugin_ManufacturerCode",
					"JucePlugin_AAXProductId=JucePlugin_PluginCode",
					"JucePlugin_AAXCategory=0",
					"JucePlugin_AAXDisableBypass=0",
					"JucePlugin_AAXDisableMultiMono=0",
					"JucePlugin_IAAType=0x61757278",
					"JucePlugin_IAASubType=JucePlugin_PluginCode",
					"JucePlugin_IAAName=\\\"yourcompany:\\ week_2_plugin\\\"",
					"JucePlugin_VSTNumMidiInputs=16",
					"JucePlugin_VSTNumMidiOutputs=16",
					"JUCE_STANDALONE_APPLICATION=JucePlugin_Build_Standalone",
					"JUCER_XCODE_MAC_F6D2F4CF=1",
					"JUCE_APP_VERSION=1.0.0",
					"JUCE_APP_VERSION_HEX=0x10000",
				);
				GCC_VERSION = com.apple.compilers.llvm.clang.1_0;
				GENERATE_PKGINFO_FILE = YES;
				HEADER_SEARCH_PATHS = (
					"$(SRCROOT)/../../../../SDKs/JUCE/modules/juce_audio_processors/format_types/VST3_SDK",
					"$(SRCROOT)/../../JuceLibraryCode",
					"$(SRCROOT)/../../../../SDKs/JUCE/modules",
					"$(SRCROOT)/../../../../SDKs/JUCE/modules/juce_audio_plugin_client",
					"$(inherited)",
				);
				INFOPLIST_FILE = "Info-VST3.plist";
				INFOPLIST_PREPROCESS = NO;
				INSTALL_PATH = "$(HOME)/Library/Audio/Plug-Ins/VST3/";
				LIBRARY_STYLE = Bundle;
				MACOSX_DEPLOYMENT_TARGET = 10.11;
				MTL_HEADER_SEARCH_PATHS = "$(SRCROOT)/../../../../SDKs/JUCE/modules/juce_audio_processors/format_types/VST3_SDK $(SRCROOT)/../../JuceLibraryCode $(SRCROOT)/../../../../SDKs/JUCE/modules $(SRCROOT)/../../../../SDKs/JUCE/modules/juce_audio_plugin_client";
				OTHER_LDFLAGS = (
					"-bundle",
					"-lweek_2_plugin",
				);
				PRODUCT_BUNDLE_IDENTIFIER = com.yourcompany.week_2_plugin;
				PRODUCT_NAME = week_2_plugin;
				USE_HEADERMAP = NO;
				VALID_ARCHS = "i386 x86_64 arm64 arm64e";
				WRAPPER_EXTENSION = vst3;
			};
			name = Debug;
		};
		D2557824F006A7D0A64AC3A7 /* Release */ = {
			isa = XCBuildConfiguration;
			buildSettings = {
				CLANG_CXX_LANGUAGE_STANDARD = "c++14";
				CLANG_CXX_LIBRARY = "libc++";
				CLANG_LINK_OBJC_RUNTIME = NO;
				CODE_SIGN_IDENTITY = "";
				COMBINE_HIDPI_IMAGES = YES;
				CONFIGURATION_BUILD_DIR = "$(PROJECT_DIR)/build/$(CONFIGURATION)";
				DEAD_CODE_STRIPPING = YES;
				DEPLOYMENT_LOCATION = YES;
				DSTROOT = /;
				EXCLUDED_ARCHS = "";
				GCC_GENERATE_DEBUGGING_SYMBOLS = NO;
				GCC_OPTIMIZATION_LEVEL = 3;
				GCC_PREPROCESSOR_DEFINITIONS = (
					"_NDEBUG=1",
					"NDEBUG=1",
					"JUCE_DISPLAY_SPLASH_SCREEN=1",
					"JUCE_USE_DARK_SPLASH_SCREEN=1",
					"JUCE_PROJUCER_VERSION=0x60104",
					"JUCE_MODULE_AVAILABLE_juce_audio_basics=1",
					"JUCE_MODULE_AVAILABLE_juce_audio_devices=1",
					"JUCE_MODULE_AVAILABLE_juce_audio_formats=1",
					"JUCE_MODULE_AVAILABLE_juce_audio_plugin_client=1",
					"JUCE_MODULE_AVAILABLE_juce_audio_processors=1",
					"JUCE_MODULE_AVAILABLE_juce_audio_utils=1",
					"JUCE_MODULE_AVAILABLE_juce_core=1",
					"JUCE_MODULE_AVAILABLE_juce_data_structures=1",
					"JUCE_MODULE_AVAILABLE_juce_events=1",
					"JUCE_MODULE_AVAILABLE_juce_graphics=1",
					"JUCE_MODULE_AVAILABLE_juce_gui_basics=1",
					"JUCE_MODULE_AVAILABLE_juce_gui_extra=1",
					"JUCE_GLOBAL_MODULE_SETTINGS_INCLUDED=1",
					"JUCE_VST3_CAN_REPLACE_VST2=0",
					"JUCE_STRICT_REFCOUNTEDPOINTER=1",
					"JucePlugin_Build_VST=0",
					"JucePlugin_Build_VST3=0",
					"JucePlugin_Build_AU=1",
					"JucePlugin_Build_AUv3=0",
					"JucePlugin_Build_RTAS=0",
					"JucePlugin_Build_AAX=0",
					"JucePlugin_Build_Standalone=0",
					"JucePlugin_Build_Unity=0",
					"JucePlugin_Enable_IAA=0",
					"JucePlugin_Name=\\\"week_2_plugin\\\"",
					"JucePlugin_Desc=\\\"week_2_plugin\\\"",
					"JucePlugin_Manufacturer=\\\"yourcompany\\\"",
					"JucePlugin_ManufacturerWebsite=\\\"\\\"",
					"JucePlugin_ManufacturerEmail=\\\"\\\"",
					"JucePlugin_ManufacturerCode=0x4d616e75",
					"JucePlugin_PluginCode=0x45793376",
					"JucePlugin_IsSynth=0",
					"JucePlugin_WantsMidiInput=0",
					"JucePlugin_ProducesMidiOutput=0",
					"JucePlugin_IsMidiEffect=0",
					"JucePlugin_EditorRequiresKeyboardFocus=0",
					"JucePlugin_Version=1.0.0",
					"JucePlugin_VersionCode=0x10000",
					"JucePlugin_VersionString=\\\"1.0.0\\\"",
					"JucePlugin_VSTUniqueID=JucePlugin_PluginCode",
					"JucePlugin_VSTCategory=kPlugCategEffect",
					"JucePlugin_Vst3Category=\\\"Fx\\\"",
					"JucePlugin_AUMainType=\\'aufx\\'",
					"JucePlugin_AUSubType=JucePlugin_PluginCode",
					"JucePlugin_AUExportPrefix=week_2_pluginAU",
					"JucePlugin_AUExportPrefixQuoted=\\\"week_2_pluginAU\\\"",
					"JucePlugin_AUManufacturerCode=JucePlugin_ManufacturerCode",
					"JucePlugin_CFBundleIdentifier=com.yourcompany.week_2_plugin",
					"JucePlugin_RTASCategory=0",
					"JucePlugin_RTASManufacturerCode=JucePlugin_ManufacturerCode",
					"JucePlugin_RTASProductId=JucePlugin_PluginCode",
					"JucePlugin_RTASDisableBypass=0",
					"JucePlugin_RTASDisableMultiMono=0",
					"JucePlugin_AAXIdentifier=com.yourcompany.week_2_plugin",
					"JucePlugin_AAXManufacturerCode=JucePlugin_ManufacturerCode",
					"JucePlugin_AAXProductId=JucePlugin_PluginCode",
					"JucePlugin_AAXCategory=0",
					"JucePlugin_AAXDisableBypass=0",
					"JucePlugin_AAXDisableMultiMono=0",
					"JucePlugin_IAAType=0x61757278",
					"JucePlugin_IAASubType=JucePlugin_PluginCode",
					"JucePlugin_IAAName=\\\"yourcompany:\\ week_2_plugin\\\"",
					"JucePlugin_VSTNumMidiInputs=16",
					"JucePlugin_VSTNumMidiOutputs=16",
					"JUCE_STANDALONE_APPLICATION=JucePlugin_Build_Standalone",
					"JUCER_XCODE_MAC_F6D2F4CF=1",
					"JUCE_APP_VERSION=1.0.0",
					"JUCE_APP_VERSION_HEX=0x10000",
				);
				GCC_VERSION = com.apple.compilers.llvm.clang.1_0;
				GENERATE_PKGINFO_FILE = YES;
				HEADER_SEARCH_PATHS = (
					"$(SRCROOT)/../../../../SDKs/JUCE/modules/juce_audio_processors/format_types/VST3_SDK",
					"$(SRCROOT)/../../JuceLibraryCode",
					"$(SRCROOT)/../../../../SDKs/JUCE/modules",
					"$(SRCROOT)/../../../../SDKs/JUCE/modules/juce_audio_plugin_client",
					"$(inherited)",
				);
				INFOPLIST_FILE = "Info-AU.plist";
				INFOPLIST_PREPROCESS = NO;
				INSTALL_PATH = "$(HOME)/Library/Audio/Plug-Ins/Components/";
				LIBRARY_STYLE = Bundle;
				LLVM_LTO = YES;
				MACOSX_DEPLOYMENT_TARGET = 10.11;
				MTL_HEADER_SEARCH_PATHS = "$(SRCROOT)/../../../../SDKs/JUCE/modules/juce_audio_processors/format_types/VST3_SDK $(SRCROOT)/../../JuceLibraryCode $(SRCROOT)/../../../../SDKs/JUCE/modules $(SRCROOT)/../../../../SDKs/JUCE/modules/juce_audio_plugin_client";
				OTHER_LDFLAGS = (
					"-bundle",
					"-lweek_2_plugin",
				);
				OTHER_REZFLAGS = "-d ppc_$ppc -d i386_$i386 -d ppc64_$ppc64 -d x86_64_$x86_64 -d arm64_$arm64 -I /System/Library/Frameworks/CoreServices.framework/Frameworks/CarbonCore.framework/Versions/A/Headers -I \"$(DEVELOPER_DIR)/Extras/CoreAudio/AudioUnits/AUPublic/AUBase\" -I \"$(DEVELOPER_DIR)/Platforms/MacOSX.platform/Developer/SDKs/MacOSX.sdk/System/Library/Frameworks/AudioUnit.framework/Headers\"";
				PRODUCT_BUNDLE_IDENTIFIER = com.yourcompany.week_2_plugin;
				PRODUCT_NAME = week_2_plugin;
				USE_HEADERMAP = NO;
				VALID_ARCHS = "i386 x86_64 arm64 arm64e";
				WRAPPER_EXTENSION = component;
			};
			name = Release;
		};
/* End XCBuildConfiguration section */

/* Begin XCConfigurationList section */
		1F3B80567E3E84041EC26E8F /* Build configuration list for PBXNativeTarget "week_2_plugin - VST3" */ = {
			isa = XCConfigurationList;
			buildConfigurations = (
				C8F8B987364B0B97FC695C2F /* Debug */,
				8078F22CA9E7E84EACE04BFB /* Release */,
			);
			defaultConfigurationIsVisible = 0;
			defaultConfigurationName = Debug;
		};
		4979FD3FA12FE32337E6602C /* Build configuration list for PBXNativeTarget "week_2_plugin - AU" */ = {
			isa = XCConfigurationList;
			buildConfigurations = (
				53AF454B6C49340A0C064300 /* Debug */,
				D2557824F006A7D0A64AC3A7 /* Release */,
			);
			defaultConfigurationIsVisible = 0;
			defaultConfigurationName = Debug;
		};
		A23552EBA0CB34A1773AB17A /* Build configuration list for PBXNativeTarget "week_2_plugin - Shared Code" */ = {
			isa = XCConfigurationList;
			buildConfigurations = (
				1289FAB70A320499F2E74D2C /* Debug */,
				270521345519E7731E748340 /* Release */,
			);
			defaultConfigurationIsVisible = 0;
			defaultConfigurationName = Debug;
		};
		C56BE1D6E6EC37C34CF3DC5A /* Build configuration list for PBXAggregateTarget "week_2_plugin - All" */ = {
			isa = XCConfigurationList;
			buildConfigurations = (
				A4F2AC0D4A864CE4CCC9F354 /* Debug */,
				C2099214B82C97A832B096AF /* Release */,
			);
			defaultConfigurationIsVisible = 0;
			defaultConfigurationName = Debug;
		};
		E629803673E15FADB2373399 /* Build configuration list for PBXProject "week_2_plugin" */ = {
			isa = XCConfigurationList;
			buildConfigurations = (
				290EE1B95FCE83DB340BFE4B /* Debug */,
				88AB7F42FA916951B2D1FB14 /* Release */,
			);
			defaultConfigurationIsVisible = 0;
			defaultConfigurationName = Debug;
		};
		EDE8B089ED3C9FF6C90A8AA6 /* Build configuration list for PBXNativeTarget "week_2_plugin - Standalone Plugin" */ = {
			isa = XCConfigurationList;
			buildConfigurations = (
				0FA42E5A11E9F96F8FFA2818 /* Debug */,
				C6113F5B59E2FFA6FBF9EE27 /* Release */,
			);
			defaultConfigurationIsVisible = 0;
			defaultConfigurationName = Debug;
		};
/* End XCConfigurationList section */
	};
	rootObject = 78CC1F00FAAD33CF1982EA17 /* Project object */;
}
